// !$*UTF8*$!
{
	archiveVersion = 1;
	classes = {
	};
	objectVersion = 39;
	objects = {
		014CEA440018CDF011CA2923 = {
			buildRules = (
			);
			buildSettings = {
				GCC_DYNAMIC_NO_PIC = NO;
				GCC_ENABLE_FIX_AND_CONTINUE = YES;
				GCC_GENERATE_DEBUGGING_SYMBOLS = YES;
				GCC_OPTIMIZATION_LEVEL = 0;
				UNSTRIPPED_PRODUCT = YES;
				ZERO_LINK = YES;
			};
			isa = PBXBuildStyle;
			name = Development;
		};
		014CEA450018CDF011CA2923 = {
			buildRules = (
			);
			buildSettings = {
				GCC_ENABLE_FIX_AND_CONTINUE = NO;
				GCC_GENERATE_DEBUGGING_SYMBOLS = NO;
				ZERO_LINK = NO;
			};
			isa = PBXBuildStyle;
			name = Deployment;
		};
//010
//011
//012
//013
//014
//030
//031
//032
//033
//034
		034768DFFF38A50411DB9C8B = {
			children = (
				8192414705E41F33003B8DB1,
			);
			isa = PBXGroup;
			name = Products;
			refType = 4;
			sourceTree = "<group>";
		};
//030
//031
//032
//033
//034
//080
//081
//082
//083
//084
		0867D690FE84028FC02AAC07 = {
			buildSettings = {
			};
			buildStyles = (
				014CEA440018CDF011CA2923,
				014CEA450018CDF011CA2923,
			);
			hasScannedForEncodings = 1;
			isa = PBXProject;
			mainGroup = 0867D691FE84028FC02AAC07;
			productRefGroup = 034768DFFF38A50411DB9C8B;
			projectDirPath = "";
			targets = (
				8192411F05E41F33003B8DB1,
			);
		};
		0867D691FE84028FC02AAC07 = {
			children = (
				08FB77AEFE84172EC02AAC07,
				089C1665FE841158C02AAC07,
				0867D69AFE84028FC02AAC07,
				034768DFFF38A50411DB9C8B,
			);
			isa = PBXGroup;
			name = fribidipbx;
			refType = 4;
			sourceTree = "<group>";
		};
		0867D69AFE84028FC02AAC07 = {
			children = (
				1058C7B0FEA5585E11CA2CBB,
				1058C7B2FEA5585E11CA2CBB,
			);
			isa = PBXGroup;
			name = "External Frameworks and Libraries";
			refType = 4;
			sourceTree = "<group>";
		};
		0867D69BFE84028FC02AAC07 = {
			fallbackIsa = PBXFileReference;
			isa = PBXFrameworkReference;
			lastKnownFileType = wrapper.framework;
			name = Foundation.framework;
			path = /System/Library/Frameworks/Foundation.framework;
			refType = 0;
			sourceTree = "<absolute>";
		};
		0867D6A5FE840307C02AAC07 = {
			fallbackIsa = PBXFileReference;
			isa = PBXFrameworkReference;
			lastKnownFileType = wrapper.framework;
			name = AppKit.framework;
			path = /System/Library/Frameworks/AppKit.framework;
			refType = 0;
			sourceTree = "<absolute>";
		};
		089C1665FE841158C02AAC07 = {
			children = (
			);
			isa = PBXGroup;
			name = Resources;
			refType = 4;
			sourceTree = "<group>";
		};
		08FB77AEFE84172EC02AAC07 = {
			children = (
				F5E7DD78038A0DF2011200F0,
				F5E7DD79038A0DF2011200F0,
				F5E7DD7A038A0DF2011200F0,
				F5E7DD7B038A0DF2011200F0,
				F5E7DD7C038A0DF2011200F0,
				F5E7DD7D038A0DF2011200F0,
				F5E7DD7E038A0DF2011200F0,
				F5E7DD7F038A0DF2011200F0,
				F5E7DD80038A0DF2011200F0,
				F5E7DD81038A0DF2011200F0,
				F5E7DD82038A0DF2011200F0,
				F5E7DD83038A0DF2011200F0,
				F5E7DD84038A0DF2011200F0,
				F5E7DD85038A0DF2011200F0,
				F5E7DD86038A0DF2011200F0,
				F5E7DD87038A0DF2011200F0,
				F5E7DD88038A0DF2011200F0,
				F5E7DD89038A0DF2011200F0,
				F5E7DD8A038A0DF2011200F0,
				F5E7DD8B038A0DF2011200F0,
				F5E7DD8C038A0DF2011200F0,
				F5E7DDA2038A0E22011200F0,
				F5E7DDA3038A0E22011200F0,
				F5E7DDA4038A0E22011200F0,
				F5E7DDA5038A0E22011200F0,
				F5E7DDA6038A0E22011200F0,
				F5E7DDA7038A0E22011200F0,
				F5E7DDA8038A0E22011200F0,
				F5E7DDA9038A0E22011200F0,
				F5E7DDAA038A0E22011200F0,
				F5E7DDAB038A0E22011200F0,
				F5E7DDAC038A0E22011200F0,
				F5E7DDAD038A0E22011200F0,
				F5E7DDAE038A0E22011200F0,
				F5E7DDAF038A0E22011200F0,
				F5E7DDB0038A0E22011200F0,
			);
			isa = PBXGroup;
			name = fribidi;
			refType = 4;
			sourceTree = "<group>";
		};
//080
//081
//082
//083
//084
//100
//101
//102
//103
//104
		1058C7B0FEA5585E11CA2CBB = {
			children = (
				1058C7B1FEA5585E11CA2CBB,
			);
			isa = PBXGroup;
			name = "Linked Frameworks";
			refType = 4;
			sourceTree = "<group>";
		};
		1058C7B1FEA5585E11CA2CBB = {
			fallbackIsa = PBXFileReference;
			isa = PBXFrameworkReference;
			lastKnownFileType = wrapper.framework;
			name = Cocoa.framework;
			path = /System/Library/Frameworks/Cocoa.framework;
			refType = 0;
			sourceTree = "<absolute>";
		};
		1058C7B2FEA5585E11CA2CBB = {
			children = (
				0867D69BFE84028FC02AAC07,
				0867D6A5FE840307C02AAC07,
			);
			isa = PBXGroup;
			name = "Other Frameworks";
			refType = 4;
			sourceTree = "<group>";
		};
//100
//101
//102
//103
//104
//810
//811
//812
//813
//814
		8192411F05E41F33003B8DB1 = {
			buildPhases = (
				8192412005E41F33003B8DB1,
				8192413105E41F33003B8DB1,
				8192413205E41F33003B8DB1,
				8192414305E41F33003B8DB1,
				8192414405E41F33003B8DB1,
			);
			buildRules = (
			);
			buildSettings = {
				DYLIB_COMPATIBILITY_VERSION = 1;
				DYLIB_CURRENT_VERSION = 1;
				FRAMEWORK_SEARCH_PATHS = "";
				FRAMEWORK_VERSION = A;
				GCC_PREPROCESSOR_DEFINITIONS = HAVE_CONFIG_H;
				HEADER_SEARCH_PATHS = "";
				INSTALL_PATH = "@executable_path/../Frameworks";
				LIBRARY_SEARCH_PATHS = "";
				OTHER_CFLAGS = "-Wall";
				OTHER_LDFLAGS = "";
				PRODUCT_NAME = fribidi;
				SECTORDER_FLAGS = "";
				SKIP_INSTALL = YES;
				WARNING_CFLAGS = "-Wmost -Wno-four-char-constants -Wno-unknown-pragmas";
				WRAPPER_EXTENSION = framework;
			};
			dependencies = (
			);
			isa = PBXNativeTarget;
			name = fribidipbx;
			productInstallPath = "";
			productName = fribidipbx;
			productReference = 8192414705E41F33003B8DB1;
			productType = "com.apple.product-type.framework";
		};
		8192412005E41F33003B8DB1 = {
			buildActionMask = 2147483647;
			files = (
				8192412105E41F33003B8DB1,
				8192412205E41F33003B8DB1,
				8192412305E41F33003B8DB1,
				8192412405E41F33003B8DB1,
				8192412505E41F33003B8DB1,
				8192412605E41F33003B8DB1,
				8192412705E41F33003B8DB1,
				8192412805E41F33003B8DB1,
				8192412905E41F33003B8DB1,
				8192412A05E41F33003B8DB1,
				8192412B05E41F33003B8DB1,
				8192412C05E41F33003B8DB1,
				8192412D05E41F33003B8DB1,
				8192412E05E41F33003B8DB1,
				8192412F05E41F33003B8DB1,
				8192413005E41F33003B8DB1,
			);
			isa = PBXHeadersBuildPhase;
			runOnlyForDeploymentPostprocessing = 0;
		};
		8192412105E41F33003B8DB1 = {
			fileRef = F5E7DD78038A0DF2011200F0;
			isa = PBXBuildFile;
			settings = {
			};
		};
		8192412205E41F33003B8DB1 = {
			fileRef = F5E7DD79038A0DF2011200F0;
			isa = PBXBuildFile;
			settings = {
			};
		};
		8192412305E41F33003B8DB1 = {
			fileRef = F5E7DD7C038A0DF2011200F0;
			isa = PBXBuildFile;
			settings = {
				ATTRIBUTES = (
					Public,
				);
			};
		};
		8192412405E41F33003B8DB1 = {
			fileRef = F5E7DD7E038A0DF2011200F0;
			isa = PBXBuildFile;
			settings = {
				ATTRIBUTES = (
					Public,
				);
			};
		};
		8192412505E41F33003B8DB1 = {
			fileRef = F5E7DD80038A0DF2011200F0;
			isa = PBXBuildFile;
			settings = {
				ATTRIBUTES = (
					Public,
				);
			};
		};
		8192412605E41F33003B8DB1 = {
			fileRef = F5E7DD82038A0DF2011200F0;
			isa = PBXBuildFile;
			settings = {
				ATTRIBUTES = (
					Public,
				);
			};
		};
		8192412705E41F33003B8DB1 = {
			fileRef = F5E7DD84038A0DF2011200F0;
			isa = PBXBuildFile;
			settings = {
				ATTRIBUTES = (
					Public,
				);
			};
		};
		8192412805E41F33003B8DB1 = {
			fileRef = F5E7DD86038A0DF2011200F0;
			isa = PBXBuildFile;
			settings = {
				ATTRIBUTES = (
					Public,
				);
			};
		};
		8192412905E41F33003B8DB1 = {
			fileRef = F5E7DD88038A0DF2011200F0;
			isa = PBXBuildFile;
			settings = {
				ATTRIBUTES = (
					Public,
				);
			};
		};
		8192412A05E41F33003B8DB1 = {
			fileRef = F5E7DD8A038A0DF2011200F0;
			isa = PBXBuildFile;
			settings = {
				ATTRIBUTES = (
					Public,
				);
			};
		};
		8192412B05E41F33003B8DB1 = {
			fileRef = F5E7DD8C038A0DF2011200F0;
			isa = PBXBuildFile;
			settings = {
				ATTRIBUTES = (
					Public,
				);
			};
		};
		8192412C05E41F33003B8DB1 = {
			fileRef = F5E7DDA6038A0E22011200F0;
			isa = PBXBuildFile;
			settings = {
				ATTRIBUTES = (
					Public,
				);
			};
		};
		8192412D05E41F33003B8DB1 = {
			fileRef = F5E7DDA9038A0E22011200F0;
			isa = PBXBuildFile;
			settings = {
				ATTRIBUTES = (
					Public,
				);
			};
		};
		8192412E05E41F33003B8DB1 = {
			fileRef = F5E7DDAA038A0E22011200F0;
			isa = PBXBuildFile;
			settings = {
				ATTRIBUTES = (
					Public,
				);
			};
		};
		8192412F05E41F33003B8DB1 = {
			fileRef = F5E7DDAE038A0E22011200F0;
			isa = PBXBuildFile;
			settings = {
				ATTRIBUTES = (
					Public,
				);
			};
		};
		8192413005E41F33003B8DB1 = {
			fileRef = F5E7DDB0038A0E22011200F0;
			isa = PBXBuildFile;
			settings = {
			};
		};
		8192413105E41F33003B8DB1 = {
			buildActionMask = 2147483647;
			files = (
			);
			isa = PBXResourcesBuildPhase;
			runOnlyForDeploymentPostprocessing = 0;
		};
		8192413205E41F33003B8DB1 = {
			buildActionMask = 2147483647;
			files = (
				8192413305E41F33003B8DB1,
				8192413405E41F33003B8DB1,
				8192413505E41F33003B8DB1,
				8192413605E41F33003B8DB1,
				8192413705E41F33003B8DB1,
				8192413805E41F33003B8DB1,
				8192413905E41F33003B8DB1,
				8192413A05E41F33003B8DB1,
				8192413B05E41F33003B8DB1,
				8192413C05E41F33003B8DB1,
				8192413D05E41F33003B8DB1,
				8192413E05E41F33003B8DB1,
				8192413F05E41F33003B8DB1,
				8192414005E41F33003B8DB1,
				8192414105E41F33003B8DB1,
				8192414205E41F33003B8DB1,
			);
			isa = PBXSourcesBuildPhase;
			runOnlyForDeploymentPostprocessing = 0;
		};
		8192413305E41F33003B8DB1 = {
			fileRef = F5E7DD7B038A0DF2011200F0;
			isa = PBXBuildFile;
			settings = {
			};
		};
		8192413405E41F33003B8DB1 = {
			fileRef = F5E7DD7D038A0DF2011200F0;
			isa = PBXBuildFile;
			settings = {
			};
		};
		8192413505E41F33003B8DB1 = {
			fileRef = F5E7DD7F038A0DF2011200F0;
			isa = PBXBuildFile;
			settings = {
			};
		};
		8192413605E41F33003B8DB1 = {
			fileRef = F5E7DD81038A0DF2011200F0;
			isa = PBXBuildFile;
			settings = {
			};
		};
		8192413705E41F33003B8DB1 = {
			fileRef = F5E7DD83038A0DF2011200F0;
			isa = PBXBuildFile;
			settings = {
			};
		};
		8192413805E41F33003B8DB1 = {
			fileRef = F5E7DD85038A0DF2011200F0;
			isa = PBXBuildFile;
			settings = {
			};
		};
		8192413905E41F33003B8DB1 = {
			fileRef = F5E7DD87038A0DF2011200F0;
			isa = PBXBuildFile;
			settings = {
			};
		};
		8192413A05E41F33003B8DB1 = {
			fileRef = F5E7DD89038A0DF2011200F0;
			isa = PBXBuildFile;
			settings = {
			};
		};
		8192413B05E41F33003B8DB1 = {
			fileRef = F5E7DD8B038A0DF2011200F0;
			isa = PBXBuildFile;
			settings = {
			};
		};
		8192413C05E41F33003B8DB1 = {
			fileRef = F5E7DDA5038A0E22011200F0;
			isa = PBXBuildFile;
			settings = {
			};
		};
		8192413D05E41F33003B8DB1 = {
			fileRef = F5E7DDA7038A0E22011200F0;
			isa = PBXBuildFile;
			settings = {
			};
		};
		8192413E05E41F33003B8DB1 = {
			fileRef = F5E7DDA8038A0E22011200F0;
			isa = PBXBuildFile;
			settings = {
			};
		};
		8192413F05E41F33003B8DB1 = {
			fileRef = F5E7DDAB038A0E22011200F0;
			isa = PBXBuildFile;
			settings = {
			};
		};
		8192414005E41F33003B8DB1 = {
			fileRef = F5E7DDAC038A0E22011200F0;
			isa = PBXBuildFile;
			settings = {
			};
		};
		8192414105E41F33003B8DB1 = {
			fileRef = F5E7DDAD038A0E22011200F0;
			isa = PBXBuildFile;
			settings = {
			};
		};
		8192414205E41F33003B8DB1 = {
			fileRef = F5E7DDAF038A0E22011200F0;
			isa = PBXBuildFile;
			settings = {
			};
		};
		8192414305E41F33003B8DB1 = {
			buildActionMask = 2147483647;
			files = (
			);
			isa = PBXFrameworksBuildPhase;
			runOnlyForDeploymentPostprocessing = 0;
		};
		8192414405E41F33003B8DB1 = {
			buildActionMask = 2147483647;
			files = (
			);
			isa = PBXRezBuildPhase;
			runOnlyForDeploymentPostprocessing = 0;
		};
		8192414705E41F33003B8DB1 = {
			explicitFileType = wrapper.framework;
			includeInIndex = 0;
			isa = PBXFileReference;
			path = fribidi.framework;
			refType = 3;
			sourceTree = BUILT_PRODUCTS_DIR;
		};
//810
//811
//812
//813
//814
//F50
//F51
//F52
//F53
//F54
		F5E7DD78038A0DF2011200F0 = {
			fileEncoding = 5;
			isa = PBXFileReference;
			lastKnownFileType = sourcecode.c.h;
			name = acconfig.h;
			path = ../fribidi/acconfig.h;
			refType = 2;
			sourceTree = SOURCE_ROOT;
		};
		F5E7DD79038A0DF2011200F0 = {
			fileEncoding = 5;
			isa = PBXFileReference;
			lastKnownFileType = sourcecode.c.h;
			name = config.h;
			path = ../fribidi/config.h;
			refType = 2;
			sourceTree = SOURCE_ROOT;
		};
		F5E7DD7A038A0DF2011200F0 = {
			fileEncoding = 5;
			isa = PBXFileReference;
			lastKnownFileType = sourcecode.c.c;
			name = fribidi_benchmark.c;
			path = ../fribidi/fribidi_benchmark.c;
			refType = 2;
			sourceTree = SOURCE_ROOT;
		};
		F5E7DD7B038A0DF2011200F0 = {
			fileEncoding = 5;
			isa = PBXFileReference;
			lastKnownFileType = sourcecode.c.c;
			name = fribidi_char_sets_cap_rtl.c;
			path = ../fribidi/fribidi_char_sets_cap_rtl.c;
			refType = 2;
			sourceTree = SOURCE_ROOT;
		};
		F5E7DD7C038A0DF2011200F0 = {
			fileEncoding = 5;
			isa = PBXFileReference;
			lastKnownFileType = sourcecode.c.h;
			name = fribidi_char_sets_cap_rtl.h;
			path = ../fribidi/fribidi_char_sets_cap_rtl.h;
			refType = 2;
			sourceTree = SOURCE_ROOT;
		};
		F5E7DD7D038A0DF2011200F0 = {
			fileEncoding = 5;
			isa = PBXFileReference;
			lastKnownFileType = sourcecode.c.c;
			name = fribidi_char_sets_cp1255.c;
			path = ../fribidi/fribidi_char_sets_cp1255.c;
			refType = 2;
			sourceTree = SOURCE_ROOT;
		};
		F5E7DD7E038A0DF2011200F0 = {
			fileEncoding = 5;
			isa = PBXFileReference;
			lastKnownFileType = sourcecode.c.h;
			name = fribidi_char_sets_cp1255.h;
			path = ../fribidi/fribidi_char_sets_cp1255.h;
			refType = 2;
			sourceTree = SOURCE_ROOT;
		};
		F5E7DD7F038A0DF2011200F0 = {
			fileEncoding = 5;
			isa = PBXFileReference;
			lastKnownFileType = sourcecode.c.c;
			name = fribidi_char_sets_cp1256.c;
			path = ../fribidi/fribidi_char_sets_cp1256.c;
			refType = 2;
			sourceTree = SOURCE_ROOT;
		};
		F5E7DD80038A0DF2011200F0 = {
			fileEncoding = 5;
			isa = PBXFileReference;
			lastKnownFileType = sourcecode.c.h;
			name = fribidi_char_sets_cp1256.h;
			path = ../fribidi/fribidi_char_sets_cp1256.h;
			refType = 2;
			sourceTree = SOURCE_ROOT;
		};
		F5E7DD81038A0DF2011200F0 = {
			fileEncoding = 5;
			isa = PBXFileReference;
			lastKnownFileType = sourcecode.c.c;
			name = fribidi_char_sets_isiri_3342.c;
			path = ../fribidi/fribidi_char_sets_isiri_3342.c;
			refType = 2;
			sourceTree = SOURCE_ROOT;
		};
		F5E7DD82038A0DF2011200F0 = {
			fileEncoding = 5;
			isa = PBXFileReference;
			lastKnownFileType = sourcecode.c.h;
			name = fribidi_char_sets_isiri_3342.h;
			path = ../fribidi/fribidi_char_sets_isiri_3342.h;
			refType = 2;
			sourceTree = SOURCE_ROOT;
		};
		F5E7DD83038A0DF2011200F0 = {
			fileEncoding = 5;
			isa = PBXFileReference;
			lastKnownFileType = sourcecode.c.c;
			name = fribidi_char_sets_iso8859_6.c;
			path = ../fribidi/fribidi_char_sets_iso8859_6.c;
			refType = 2;
			sourceTree = SOURCE_ROOT;
		};
		F5E7DD84038A0DF2011200F0 = {
			fileEncoding = 5;
			isa = PBXFileReference;
			lastKnownFileType = sourcecode.c.h;
			name = fribidi_char_sets_iso8859_6.h;
			path = ../fribidi/fribidi_char_sets_iso8859_6.h;
			refType = 2;
			sourceTree = SOURCE_ROOT;
		};
		F5E7DD85038A0DF2011200F0 = {
			fileEncoding = 5;
			isa = PBXFileReference;
			lastKnownFileType = sourcecode.c.c;
			name = fribidi_char_sets_iso8859_8.c;
			path = ../fribidi/fribidi_char_sets_iso8859_8.c;
			refType = 2;
			sourceTree = SOURCE_ROOT;
		};
		F5E7DD86038A0DF2011200F0 = {
			fileEncoding = 5;
			isa = PBXFileReference;
			lastKnownFileType = sourcecode.c.h;
			name = fribidi_char_sets_iso8859_8.h;
			path = ../fribidi/fribidi_char_sets_iso8859_8.h;
			refType = 2;
			sourceTree = SOURCE_ROOT;
		};
		F5E7DD87038A0DF2011200F0 = {
			fileEncoding = 5;
			isa = PBXFileReference;
			lastKnownFileType = sourcecode.c.c;
			name = fribidi_char_sets_utf8.c;
			path = ../fribidi/fribidi_char_sets_utf8.c;
			refType = 2;
			sourceTree = SOURCE_ROOT;
		};
		F5E7DD88038A0DF2011200F0 = {
			fileEncoding = 5;
			isa = PBXFileReference;
			lastKnownFileType = sourcecode.c.h;
			name = fribidi_char_sets_utf8.h;
			path = ../fribidi/fribidi_char_sets_utf8.h;
			refType = 2;
			sourceTree = SOURCE_ROOT;
		};
		F5E7DD89038A0DF2011200F0 = {
			fileEncoding = 5;
			isa = PBXFileReference;
			lastKnownFileType = sourcecode.c.c;
			name = fribidi_char_sets.c;
			path = ../fribidi/fribidi_char_sets.c;
			refType = 2;
			sourceTree = SOURCE_ROOT;
		};
		F5E7DD8A038A0DF2011200F0 = {
			fileEncoding = 5;
			isa = PBXFileReference;
			lastKnownFileType = sourcecode.c.h;
			name = fribidi_char_sets.h;
			path = ../fribidi/fribidi_char_sets.h;
			refType = 2;
			sourceTree = SOURCE_ROOT;
		};
		F5E7DD8B038A0DF2011200F0 = {
			fileEncoding = 5;
			isa = PBXFileReference;
			lastKnownFileType = sourcecode.c.c;
			name = fribidi_char_type.c;
			path = ../fribidi/fribidi_char_type.c;
			refType = 2;
			sourceTree = SOURCE_ROOT;
		};
		F5E7DD8C038A0DF2011200F0 = {
			fileEncoding = 5;
			isa = PBXFileReference;
			lastKnownFileType = sourcecode.c.h;
			name = fribidi_config.h;
			path = ../fribidi/fribidi_config.h;
			refType = 2;
			sourceTree = SOURCE_ROOT;
		};
		F5E7DDA2038A0E22011200F0 = {
			fileEncoding = 5;
			isa = PBXFileReference;
			lastKnownFileType = sourcecode.c.c;
			name = fribidi_create_char_types.c;
			path = ../fribidi/fribidi_create_char_types.c;
			refType = 2;
			sourceTree = SOURCE_ROOT;
		};
		F5E7DDA3038A0E22011200F0 = {
			fileEncoding = 5;
			isa = PBXFileReference;
			lastKnownFileType = sourcecode.c.c;
			name = fribidi_create_mirroring.c;
			path = ../fribidi/fribidi_create_mirroring.c;
			refType = 2;
			sourceTree = SOURCE_ROOT;
		};
		F5E7DDA4038A0E22011200F0 = {
			fileEncoding = 5;
			isa = PBXFileReference;
			lastKnownFileType = sourcecode.c.c;
			name = fribidi_main.c;
			path = ../fribidi/fribidi_main.c;
			refType = 2;
			sourceTree = SOURCE_ROOT;
		};
		F5E7DDA5038A0E22011200F0 = {
			fileEncoding = 5;
			isa = PBXFileReference;
			lastKnownFileType = sourcecode.c.c;
			name = fribidi_mem.c;
			path = ../fribidi/fribidi_mem.c;
			refType = 2;
			sourceTree = SOURCE_ROOT;
		};
		F5E7DDA6038A0E22011200F0 = {
			fileEncoding = 5;
			isa = PBXFileReference;
			lastKnownFileType = sourcecode.c.h;
			name = fribidi_mem.h;
			path = ../fribidi/fribidi_mem.h;
			refType = 2;
			sourceTree = SOURCE_ROOT;
		};
		F5E7DDA7038A0E22011200F0 = {
			fileEncoding = 5;
			isa = PBXFileReference;
			lastKnownFileType = sourcecode.c.c;
			name = fribidi_mirroring.c;
			path = ../fribidi/fribidi_mirroring.c;
			refType = 2;
			sourceTree = SOURCE_ROOT;
		};
		F5E7DDA8038A0E22011200F0 = {
			fileEncoding = 5;
			isa = PBXFileReference;
			lastKnownFileType = sourcecode.c.c;
			name = fribidi_types.c;
			path = ../fribidi/fribidi_types.c;
			refType = 2;
			sourceTree = SOURCE_ROOT;
		};
		F5E7DDA9038A0E22011200F0 = {
			fileEncoding = 5;
			isa = PBXFileReference;
			lastKnownFileType = sourcecode.c.h;
			name = fribidi_types.h;
			path = ../fribidi/fribidi_types.h;
			refType = 2;
			sourceTree = SOURCE_ROOT;
		};
		F5E7DDAA038A0E22011200F0 = {
			fileEncoding = 5;
			isa = PBXFileReference;
			lastKnownFileType = sourcecode.c.h;
			name = fribidi_unicode.h;
			path = ../fribidi/fribidi_unicode.h;
			refType = 2;
			sourceTree = SOURCE_ROOT;
		};
		F5E7DDAB038A0E22011200F0 = {
			fileEncoding = 5;
			isa = PBXFileReference;
			lastKnownFileType = sourcecode.c.c;
			name = fribidi_utils.c;
			path = ../fribidi/fribidi_utils.c;
			refType = 2;
			sourceTree = SOURCE_ROOT;
		};
		F5E7DDAC038A0E22011200F0 = {
			fileEncoding = 5;
			isa = PBXFileReference;
			lastKnownFileType = sourcecode.c.c;
			name = fribidi_wcwidth.c;
			path = ../fribidi/fribidi_wcwidth.c;
			refType = 2;
			sourceTree = SOURCE_ROOT;
		};
		F5E7DDAD038A0E22011200F0 = {
			fileEncoding = 5;
			isa = PBXFileReference;
			lastKnownFileType = sourcecode.c.c;
			name = fribidi.c;
			path = ../fribidi/fribidi.c;
			refType = 2;
			sourceTree = SOURCE_ROOT;
		};
		F5E7DDAE038A0E22011200F0 = {
			fileEncoding = 5;
			isa = PBXFileReference;
			lastKnownFileType = sourcecode.c.h;
			name = fribidi.h;
			path = ../fribidi/fribidi.h;
			refType = 2;
			sourceTree = SOURCE_ROOT;
		};
		F5E7DDAF038A0E22011200F0 = {
			fileEncoding = 5;
			isa = PBXFileReference;
			lastKnownFileType = sourcecode.c.c;
			name = packtab.c;
			path = ../fribidi/packtab.c;
			refType = 2;
			sourceTree = SOURCE_ROOT;
		};
		F5E7DDB0038A0E22011200F0 = {
			fileEncoding = 5;
			isa = PBXFileReference;
			lastKnownFileType = sourcecode.c.h;
			name = packtab.h;
			path = ../fribidi/packtab.h;
			refType = 2;
			sourceTree = SOURCE_ROOT;
		};
	};
	rootObject = 0867D690FE84028FC02AAC07;
}
