// !$*UTF8*$!
{
	archiveVersion = 1;
	classes = {
	};
	objectVersion = 38;
	objects = {
		19C28FACFE9D520D11CA2CBB = {
			children = (
				F5E7DCE4038A0BC5011200F0,
			);
			isa = PBXGroup;
			name = Products;
			refType = 4;
		};
//190
//191
//192
//193
//194
//290
//291
//292
//293
//294
		29B97313FDCFA39411CA2CEA = {
			buildStyles = (
				819235E703DC798F001200F0,
				819235E603DC7943001200F0,
				4A9504CCFFE6A4B311CA0CBA,
				4A9504CDFFE6A4B311CA0CBA,
			);
			hasScannedForEncodings = 1;
			isa = PBXProject;
			mainGroup = 29B97314FDCFA39411CA2CEA;
			projectDirPath = "";
			targets = (
				F5E6EBCA038412F7015BFAF6,
			);
		};
		29B97314FDCFA39411CA2CEA = {
			children = (
				81C0830903F2E37C001200F0,
				F5E6EB1A03841249015BFAF6,
				F5E7DDE4038A109B011200F0,
				29B97317FDCFA39411CA2CEA,
				29B97323FDCFA39411CA2CEA,
				19C28FACFE9D520D11CA2CBB,
			);
			isa = PBXGroup;
			name = abipbx;
			path = "";
			refType = 4;
		};
		29B97317FDCFA39411CA2CEA = {
			children = (
			);
			isa = PBXGroup;
			name = Resources;
			path = "";
			refType = 4;
		};
		29B97323FDCFA39411CA2CEA = {
			children = (
				81C0830503F2E09B001200F0,
				F5E6F2570385CF4F015BFAF6,
				F5348F45038968E5011200F0,
			);
			isa = PBXGroup;
			name = Frameworks;
			path = "";
			refType = 4;
		};
//290
//291
//292
//293
//294
//4A0
//4A1
//4A2
//4A3
//4A4
		4A9504CCFFE6A4B311CA0CBA = {
			buildRules = (
			);
			buildSettings = {
				COPY_PHASE_STRIP = NO;
				OPTIMIZATION_CFLAGS = "-O0";
			};
			isa = PBXBuildStyle;
			name = Development;
		};
		4A9504CDFFE6A4B311CA0CBA = {
			buildRules = (
			);
			buildSettings = {
				COPY_PHASE_STRIP = YES;
			};
			isa = PBXBuildStyle;
			name = Deployment;
		};
//4A0
//4A1
//4A2
//4A3
//4A4
//810
//811
//812
//813
//814
		81227D99041B53AB00442981 = {
			buildActionMask = 2147483647;
			dstPath = Headers/libole2;
			dstSubfolderSpec = 1;
			files = (
				F5E6EC7D03842049015BFAF6,
				F5E6EC8103842049015BFAF6,
			);
			isa = PBXCopyFilesBuildPhase;
			runOnlyForDeploymentPostprocessing = 0;
		};
		816D66F3046F7B48001200F2 = {
			fileEncoding = 5;
			isa = PBXFileReference;
			name = plcf.c;
			path = ../wv/plcf.c;
			refType = 2;
		};
		816D66F4046F7B48001200F2 = {
			fileRef = 816D66F3046F7B48001200F2;
			isa = PBXBuildFile;
			settings = {
			};
		};
		819235E603DC7943001200F0 = {
			buildRules = (
			);
			buildSettings = {
				COPY_PHASE_STRIP = NO;
				INSTALL_PATH = "@executable_path/../Frameworks";
				OPTIMIZATION_CFLAGS = "-O0";
			};
			isa = PBXBuildStyle;
			name = "Development - Embedded";
		};
		819235E703DC798F001200F0 = {
			buildRules = (
			);
			buildSettings = {
				INSTALL_PATH = "@executable_path/../Frameworks";
			};
			isa = PBXBuildStyle;
			name = "Deployment - Embedded";
		};
		81C06E6103F1F42C001200F0 = {
			fileEncoding = 5;
			isa = PBXFileReference;
			name = isbidi.c;
			path = ../wv/isbidi.c;
			refType = 2;
		};
		81C06E6203F1F42C001200F0 = {
			fileRef = 81C06E6103F1F42C001200F0;
			isa = PBXBuildFile;
			settings = {
			};
		};
		81C0830503F2E09B001200F0 = {
			isa = PBXFrameworkReference;
			path = expat.framework;
			refType = 3;
		};
		81C0830603F2E09B001200F0 = {
			fileRef = 81C0830503F2E09B001200F0;
			isa = PBXBuildFile;
			settings = {
			};
		};
		81C0830903F2E37C001200F0 = {
			isa = PBXFileReference;
			path = "ReadMe-building.rtf";
			refType = 2;
		};
//810
//811
//812
//813
//814
//F50
//F51
//F52
//F53
//F54
		F5348F3303896879011200F0 = {
			fileRef = F5E6F2570385CF4F015BFAF6;
			isa = PBXBuildFile;
			settings = {
			};
		};
		F5348F45038968E5011200F0 = {
			isa = PBXFileReference;
			name = libz.1.1.3.dylib;
			path = /usr/lib/libz.1.1.3.dylib;
			refType = 0;
		};
		F5348F46038968E5011200F0 = {
			fileRef = F5348F45038968E5011200F0;
			isa = PBXBuildFile;
			settings = {
			};
		};
		F5348F4903896A18011200F0 = {
			fileRef = F5E6EB270384129B015BFAF6;
			isa = PBXBuildFile;
			settings = {
			};
		};
		F5348F4A03896A2E011200F0 = {
			fileRef = F5E6EB78038412DF015BFAF6;
			isa = PBXBuildFile;
			settings = {
			};
		};
		F5348F4B03896A2E011200F0 = {
			fileRef = F5E6EB77038412DF015BFAF6;
			isa = PBXBuildFile;
			settings = {
			};
		};
		F5348F4C03896A69011200F0 = {
			fileRef = F5E6EB76038412DF015BFAF6;
			isa = PBXBuildFile;
			settings = {
			};
		};
		F5348F4F03896DA6011200F0 = {
			fileRef = F5E6EBF2038413F5015BFAF6;
			isa = PBXBuildFile;
			settings = {
			};
		};
		F5E6EB1A03841249015BFAF6 = {
			children = (
				F5E6EC6703842009015BFAF6,
				F5E6EB1B0384129B015BFAF6,
				F5E6EB1C0384129B015BFAF6,
				F5E6EB1D0384129B015BFAF6,
				F5E6EB1E0384129B015BFAF6,
				F5E6EB1F0384129B015BFAF6,
				F5E6EB200384129B015BFAF6,
				F5E6EB210384129B015BFAF6,
				F5E6EB220384129B015BFAF6,
				F5E6EB230384129B015BFAF6,
				F5E6EB240384129B015BFAF6,
				F5E6EB250384129B015BFAF6,
				F5E6EB260384129B015BFAF6,
				F5E6EB270384129B015BFAF6,
				F5E6EB280384129B015BFAF6,
				F5E6EB290384129B015BFAF6,
				F5E6EB2A0384129B015BFAF6,
				F5E6EB2B0384129B015BFAF6,
				F5E6EB2C0384129B015BFAF6,
				F5E6EB2D0384129B015BFAF6,
				F5E6EB2E0384129B015BFAF6,
				F5E6EB2F0384129B015BFAF6,
				F5E6EB300384129B015BFAF6,
				F5E6EB310384129B015BFAF6,
				F5E6EB320384129B015BFAF6,
				F5E6EB330384129B015BFAF6,
				F5E6EB340384129B015BFAF6,
				F5E6EB350384129B015BFAF6,
				F5E6EB360384129B015BFAF6,
				F5E6EB370384129B015BFAF6,
				F5E6EB380384129B015BFAF6,
				F5E6EB390384129B015BFAF6,
				F5E6EB3A0384129B015BFAF6,
				F5E6F00F0385C743015BFAF6,
				F5E6EB3B0384129B015BFAF6,
				F5E6EB3C0384129B015BFAF6,
				F5E6EB3D0384129B015BFAF6,
				F5E6EB3E0384129B015BFAF6,
				F5E6EB3F0384129B015BFAF6,
				F5E6EB400384129B015BFAF6,
				F5E6EB410384129B015BFAF6,
				F5E6EB420384129B015BFAF6,
				F5E6EB430384129B015BFAF6,
				F5E6EB440384129B015BFAF6,
				F5E6EB450384129B015BFAF6,
				F5E6EB460384129B015BFAF6,
				F5E6EB470384129B015BFAF6,
				F5E6EB75038412DF015BFAF6,
				F5E6EB76038412DF015BFAF6,
				F5E6EB77038412DF015BFAF6,
				F5E6EB78038412DF015BFAF6,
				F5E6EFD10385C6A9015BFAF6,
				F5E6EB79038412DF015BFAF6,
				81C06E6103F1F42C001200F0,
				F5E6EFEA0385C6F8015BFAF6,
				F5E6EB7A038412DF015BFAF6,
				F5E6EB7B038412DF015BFAF6,
				F5E6EC6A03842049015BFAF6,
				F5E6EB7C038412DF015BFAF6,
				F5E6EB7D038412DF015BFAF6,
				F5E6EB7E038412DF015BFAF6,
				F5E6EB7F038412DF015BFAF6,
				F5E6F05B0385C90E015BFAF6,
				F5E6EB80038412DF015BFAF6,
				F5E6EB81038412DF015BFAF6,
				F5E6EB82038412DF015BFAF6,
				F5E6EB83038412DF015BFAF6,
				F5E6F0970385CAFD015BFAF6,
				F5E6EB84038412DF015BFAF6,
				F5E6EB85038412DF015BFAF6,
				F5E6EB86038412DF015BFAF6,
				F5E6EB87038412DF015BFAF6,
				F5E6EB88038412DF015BFAF6,
				F5E6EB89038412DF015BFAF6,
				816D66F3046F7B48001200F2,
				F5E6EB8A038412DF015BFAF6,
				F5E6EB8B038412DF015BFAF6,
				F5E6EB8C038412DF015BFAF6,
				F5E6EB8D038412DF015BFAF6,
				F5E6EB8E038412DF015BFAF6,
				F5E6EB8F038412DF015BFAF6,
				F5E6EB90038412DF015BFAF6,
				F5E6EB91038412DF015BFAF6,
				F5E6EB92038412DF015BFAF6,
				F5E6EB93038412DF015BFAF6,
				F5E6EB94038412DF015BFAF6,
				F5E6EB95038412DF015BFAF6,
				F5E6EB96038412DF015BFAF6,
				F5E6EB97038412DF015BFAF6,
				F5E6EB98038412DF015BFAF6,
				F5E6EB99038412DF015BFAF6,
				F5E6EB9A038412DF015BFAF6,
				F5E6EB9B038412DF015BFAF6,
				F5E6EB9C038412DF015BFAF6,
				F5E6EBD3038413C6015BFAF6,
				F5E6EBD4038413C6015BFAF6,
				F5E6EBD5038413C6015BFAF6,
				F5E6EBD6038413C6015BFAF6,
				F5E6EBD7038413C6015BFAF6,
				F5E6EBD8038413C6015BFAF6,
				F5E6EBD9038413C6015BFAF6,
				F5E6EBDA038413C6015BFAF6,
				F5E6EBDB038413C6015BFAF6,
				F5E6EBDC038413C6015BFAF6,
				F5E6EBE7038413F5015BFAF6,
				F5E6EBE8038413F5015BFAF6,
				F5E6EBE9038413F5015BFAF6,
				F5E6EBEA038413F5015BFAF6,
				F5E6EBEB038413F5015BFAF6,
				F5E6EBEC038413F5015BFAF6,
				F5E6EBED038413F5015BFAF6,
				F5E6EBEE038413F5015BFAF6,
				F5E6EBEF038413F5015BFAF6,
				F5E6EBF0038413F5015BFAF6,
				F5E6EBF1038413F5015BFAF6,
				F5E6EBF2038413F5015BFAF6,
				F5E6EBF3038413F5015BFAF6,
				F5E6EBF4038413F5015BFAF6,
				F5E6EBF5038413F5015BFAF6,
			);
			isa = PBXGroup;
			name = wv;
			refType = 4;
		};
		F5E6EB1B0384129B015BFAF6 = {
			fileEncoding = 5;
			isa = PBXFileReference;
			name = anld.c;
			path = ../wv/anld.c;
			refType = 2;
		};
		F5E6EB1C0384129B015BFAF6 = {
			fileEncoding = 5;
			isa = PBXFileReference;
			name = anlv.c;
			path = ../wv/anlv.c;
			refType = 2;
		};
		F5E6EB1D0384129B015BFAF6 = {
			fileEncoding = 5;
			isa = PBXFileReference;
			name = asumy.c;
			path = ../wv/asumy.c;
			refType = 2;
		};
		F5E6EB1E0384129B015BFAF6 = {
			fileEncoding = 5;
			isa = PBXFileReference;
			name = asumyi.c;
			path = ../wv/asumyi.c;
			refType = 2;
		};
		F5E6EB1F0384129B015BFAF6 = {
			fileEncoding = 5;
			isa = PBXFileReference;
			name = atrd.c;
			path = ../wv/atrd.c;
			refType = 2;
		};
		F5E6EB200384129B015BFAF6 = {
			fileEncoding = 5;
			isa = PBXFileReference;
			name = basename.c;
			path = ../wv/basename.c;
			refType = 2;
		};
		F5E6EB210384129B015BFAF6 = {
			fileEncoding = 5;
			isa = PBXFileReference;
			name = bintree.c;
			path = ../wv/bintree.c;
			refType = 2;
		};
		F5E6EB220384129B015BFAF6 = {
			fileEncoding = 5;
			isa = PBXFileReference;
			name = bintree.h;
			path = ../wv/bintree.h;
			refType = 2;
		};
		F5E6EB230384129B015BFAF6 = {
			fileEncoding = 5;
			isa = PBXFileReference;
			name = bkd.c;
			path = ../wv/bkd.c;
			refType = 2;
		};
		F5E6EB240384129B015BFAF6 = {
			fileEncoding = 5;
			isa = PBXFileReference;
			name = bkf.c;
			path = ../wv/bkf.c;
			refType = 2;
		};
		F5E6EB250384129B015BFAF6 = {
			fileEncoding = 5;
			isa = PBXFileReference;
			name = bkl.c;
			path = ../wv/bkl.c;
			refType = 2;
		};
		F5E6EB260384129B015BFAF6 = {
			fileEncoding = 5;
			isa = PBXFileReference;
			name = blip.c;
			path = ../wv/blip.c;
			refType = 2;
		};
		F5E6EB270384129B015BFAF6 = {
			fileEncoding = 5;
			isa = PBXFileReference;
			name = bmptopng.c;
			path = ../wv/bmptopng.c;
			refType = 2;
		};
		F5E6EB280384129B015BFAF6 = {
			fileEncoding = 5;
			isa = PBXFileReference;
			name = brc.c;
			path = ../wv/brc.c;
			refType = 2;
		};
		F5E6EB290384129B015BFAF6 = {
			fileEncoding = 5;
			isa = PBXFileReference;
			name = bte.c;
			path = ../wv/bte.c;
			refType = 2;
		};
		F5E6EB2A0384129B015BFAF6 = {
			fileEncoding = 5;
			isa = PBXFileReference;
			name = bx.c;
			path = ../wv/bx.c;
			refType = 2;
		};
		F5E6EB2B0384129B015BFAF6 = {
			fileEncoding = 5;
			isa = PBXFileReference;
			name = chp.c;
			path = ../wv/chp.c;
			refType = 2;
		};
		F5E6EB2C0384129B015BFAF6 = {
			fileEncoding = 5;
			isa = PBXFileReference;
			name = clx.c;
			path = ../wv/clx.c;
			refType = 2;
		};
		F5E6EB2D0384129B015BFAF6 = {
			fileEncoding = 5;
			isa = PBXFileReference;
			name = crc32.c;
			path = ../wv/crc32.c;
			refType = 2;
		};
		F5E6EB2E0384129B015BFAF6 = {
			fileEncoding = 5;
			isa = PBXFileReference;
			name = crc32.h;
			path = ../wv/crc32.h;
			refType = 2;
		};
		F5E6EB2F0384129B015BFAF6 = {
			fileEncoding = 5;
			isa = PBXFileReference;
			name = dcs.c;
			path = ../wv/dcs.c;
			refType = 2;
		};
		F5E6EB300384129B015BFAF6 = {
			fileEncoding = 5;
			isa = PBXFileReference;
			name = decode_complex.c;
			path = ../wv/decode_complex.c;
			refType = 2;
		};
		F5E6EB310384129B015BFAF6 = {
			fileEncoding = 5;
			isa = PBXFileReference;
			name = decode_simple.c;
			path = ../wv/decode_simple.c;
			refType = 2;
		};
		F5E6EB320384129B015BFAF6 = {
			fileEncoding = 5;
			isa = PBXFileReference;
			name = decompresswmf.c;
			path = ../wv/decompresswmf.c;
			refType = 2;
		};
		F5E6EB330384129B015BFAF6 = {
			fileEncoding = 5;
			isa = PBXFileReference;
			name = decrypt95.c;
			path = ../wv/decrypt95.c;
			refType = 2;
		};
		F5E6EB340384129B015BFAF6 = {
			fileEncoding = 5;
			isa = PBXFileReference;
			name = decrypt97.c;
			path = ../wv/decrypt97.c;
			refType = 2;
		};
		F5E6EB350384129B015BFAF6 = {
			fileEncoding = 5;
			isa = PBXFileReference;
			name = dogrid.c;
			path = ../wv/dogrid.c;
			refType = 2;
		};
		F5E6EB360384129B015BFAF6 = {
			fileEncoding = 5;
			isa = PBXFileReference;
			name = dop.c;
			path = ../wv/dop.c;
			refType = 2;
		};
		F5E6EB370384129B015BFAF6 = {
			fileEncoding = 5;
			isa = PBXFileReference;
			name = doptypography.c;
			path = ../wv/doptypography.c;
			refType = 2;
		};
		F5E6EB380384129B015BFAF6 = {
			fileEncoding = 5;
			isa = PBXFileReference;
			name = dttm.c;
			path = ../wv/dttm.c;
			refType = 2;
		};
		F5E6EB390384129B015BFAF6 = {
			fileEncoding = 5;
			isa = PBXFileReference;
			name = error.c;
			path = ../wv/error.c;
			refType = 2;
		};
		F5E6EB3A0384129B015BFAF6 = {
			fileEncoding = 5;
			isa = PBXFileReference;
			name = escher.c;
			path = ../wv/escher.c;
			refType = 2;
		};
		F5E6EB3B0384129B015BFAF6 = {
			fileEncoding = 5;
			isa = PBXFileReference;
			name = fbse.c;
			path = ../wv/fbse.c;
			refType = 2;
		};
		F5E6EB3C0384129B015BFAF6 = {
			fileEncoding = 5;
			isa = PBXFileReference;
			name = fdoa.c;
			path = ../wv/fdoa.c;
			refType = 2;
		};
		F5E6EB3D0384129B015BFAF6 = {
			fileEncoding = 5;
			isa = PBXFileReference;
			name = ffn.c;
			path = ../wv/ffn.c;
			refType = 2;
		};
		F5E6EB3E0384129B015BFAF6 = {
			fileEncoding = 5;
			isa = PBXFileReference;
			name = fib.c;
			path = ../wv/fib.c;
			refType = 2;
		};
		F5E6EB3F0384129B015BFAF6 = {
			fileEncoding = 5;
			isa = PBXFileReference;
			name = field.c;
			path = ../wv/field.c;
			refType = 2;
		};
		F5E6EB400384129B015BFAF6 = {
			fileEncoding = 5;
			isa = PBXFileReference;
			name = filetime.c;
			path = ../wv/filetime.c;
			refType = 2;
		};
		F5E6EB410384129B015BFAF6 = {
			fileEncoding = 5;
			isa = PBXFileReference;
			name = fkp.c;
			path = ../wv/fkp.c;
			refType = 2;
		};
		F5E6EB420384129B015BFAF6 = {
			fileEncoding = 5;
			isa = PBXFileReference;
			name = fld.c;
			path = ../wv/fld.c;
			refType = 2;
		};
		F5E6EB430384129B015BFAF6 = {
			fileEncoding = 5;
			isa = PBXFileReference;
			name = font.c;
			path = ../wv/font.c;
			refType = 2;
		};
		F5E6EB440384129B015BFAF6 = {
			fileEncoding = 5;
			isa = PBXFileReference;
			name = fopt.c;
			path = ../wv/fopt.c;
			refType = 2;
		};
		F5E6EB450384129B015BFAF6 = {
			fileEncoding = 5;
			isa = PBXFileReference;
			name = frd.c;
			path = ../wv/frd.c;
			refType = 2;
		};
		F5E6EB460384129B015BFAF6 = {
			fileEncoding = 5;
			isa = PBXFileReference;
			name = fspa.c;
			path = ../wv/fspa.c;
			refType = 2;
		};
		F5E6EB470384129B015BFAF6 = {
			fileEncoding = 5;
			isa = PBXFileReference;
			name = ftxbxs.c;
			path = ../wv/ftxbxs.c;
			refType = 2;
		};
		F5E6EB75038412DF015BFAF6 = {
			fileEncoding = 5;
			isa = PBXFileReference;
			name = generic.c;
			path = ../wv/generic.c;
			refType = 2;
		};
		F5E6EB76038412DF015BFAF6 = {
			fileEncoding = 5;
			isa = PBXFileReference;
			name = getopt.c;
			path = ../wv/getopt.c;
			refType = 2;
		};
		F5E6EB77038412DF015BFAF6 = {
			fileEncoding = 5;
			isa = PBXFileReference;
			name = getopt.h;
			path = ../wv/getopt.h;
			refType = 2;
		};
		F5E6EB78038412DF015BFAF6 = {
			fileEncoding = 5;
			isa = PBXFileReference;
			name = getopt1.c;
			path = ../wv/getopt1.c;
			refType = 2;
		};
		F5E6EB79038412DF015BFAF6 = {
			fileEncoding = 5;
			isa = PBXFileReference;
			name = hdr.h;
			path = ../wv/hdr.h;
			refType = 2;
		};
		F5E6EB7A038412DF015BFAF6 = {
			fileEncoding = 5;
			isa = PBXFileReference;
			name = laolareplace.c;
			path = ../wv/laolareplace.c;
			refType = 2;
		};
		F5E6EB7B038412DF015BFAF6 = {
			fileEncoding = 5;
			isa = PBXFileReference;
			name = lfo.c;
			path = ../wv/lfo.c;
			refType = 2;
		};
		F5E6EB7C038412DF015BFAF6 = {
			fileEncoding = 5;
			isa = PBXFileReference;
			name = list.c;
			path = ../wv/list.c;
			refType = 2;
		};
		F5E6EB7D038412DF015BFAF6 = {
			fileEncoding = 5;
			isa = PBXFileReference;
			name = lspd.c;
			path = ../wv/lspd.c;
			refType = 2;
		};
		F5E6EB7E038412DF015BFAF6 = {
			fileEncoding = 5;
			isa = PBXFileReference;
			name = lst.c;
			path = ../wv/lst.c;
			refType = 2;
		};
		F5E6EB7F038412DF015BFAF6 = {
			fileEncoding = 5;
			isa = PBXFileReference;
			name = lvl.c;
			path = ../wv/lvl.c;
			refType = 2;
		};
		F5E6EB80038412DF015BFAF6 = {
			fileEncoding = 5;
			isa = PBXFileReference;
			name = md5.c;
			path = ../wv/md5.c;
			refType = 2;
		};
		F5E6EB81038412DF015BFAF6 = {
			fileEncoding = 5;
			isa = PBXFileReference;
			name = md5.h;
			path = ../wv/md5.h;
			refType = 2;
		};
		F5E6EB82038412DF015BFAF6 = {
			fileEncoding = 5;
			isa = PBXFileReference;
			name = mtextra.c;
			path = ../wv/mtextra.c;
			refType = 2;
		};
		F5E6EB83038412DF015BFAF6 = {
			fileEncoding = 5;
			isa = PBXFileReference;
			name = numrm.c;
			path = ../wv/numrm.c;
			refType = 2;
		};
		F5E6EB84038412DF015BFAF6 = {
			fileEncoding = 5;
			isa = PBXFileReference;
			name = olst.c;
			path = ../wv/olst.c;
			refType = 2;
		};
		F5E6EB85038412DF015BFAF6 = {
			fileEncoding = 5;
			isa = PBXFileReference;
			name = pap.c;
			path = ../wv/pap.c;
			refType = 2;
		};
		F5E6EB86038412DF015BFAF6 = {
			fileEncoding = 5;
			isa = PBXFileReference;
			name = pcd.c;
			path = ../wv/pcd.c;
			refType = 2;
		};
		F5E6EB87038412DF015BFAF6 = {
			fileEncoding = 5;
			isa = PBXFileReference;
			name = pgd.c;
			path = ../wv/pgd.c;
			refType = 2;
		};
		F5E6EB88038412DF015BFAF6 = {
			fileEncoding = 5;
			isa = PBXFileReference;
			name = phe.c;
			path = ../wv/phe.c;
			refType = 2;
		};
		F5E6EB89038412DF015BFAF6 = {
			fileEncoding = 5;
			isa = PBXFileReference;
			name = picf.c;
			path = ../wv/picf.c;
			refType = 2;
		};
		F5E6EB8A038412DF015BFAF6 = {
			fileEncoding = 5;
			isa = PBXFileReference;
			name = plan9.h;
			path = ../wv/plan9.h;
			refType = 2;
		};
		F5E6EB8B038412DF015BFAF6 = {
			fileEncoding = 5;
			isa = PBXFileReference;
			name = prm.c;
			path = ../wv/prm.c;
			refType = 2;
		};
		F5E6EB8C038412DF015BFAF6 = {
			fileEncoding = 5;
			isa = PBXFileReference;
			name = rc4.c;
			path = ../wv/rc4.c;
			refType = 2;
		};
		F5E6EB8D038412DF015BFAF6 = {
			fileEncoding = 5;
			isa = PBXFileReference;
			name = rc4.h;
			path = ../wv/rc4.h;
			refType = 2;
		};
		F5E6EB8E038412DF015BFAF6 = {
			fileEncoding = 5;
			isa = PBXFileReference;
			name = reasons.c;
			path = ../wv/reasons.c;
			refType = 2;
		};
		F5E6EB8F038412DF015BFAF6 = {
			fileEncoding = 5;
			isa = PBXFileReference;
			name = roman.c;
			path = ../wv/roman.c;
			refType = 2;
		};
		F5E6EB90038412DF015BFAF6 = {
			fileEncoding = 5;
			isa = PBXFileReference;
			name = roman.h;
			path = ../wv/roman.h;
			refType = 2;
		};
		F5E6EB91038412DF015BFAF6 = {
			fileEncoding = 5;
			isa = PBXFileReference;
			name = rr.c;
			path = ../wv/rr.c;
			refType = 2;
		};
		F5E6EB92038412DF015BFAF6 = {
			fileEncoding = 5;
			isa = PBXFileReference;
			name = rs.c;
			path = ../wv/rs.c;
			refType = 2;
		};
		F5E6EB93038412DF015BFAF6 = {
			fileEncoding = 5;
			isa = PBXFileReference;
			name = sed.c;
			path = ../wv/sed.c;
			refType = 2;
		};
		F5E6EB94038412DF015BFAF6 = {
			fileEncoding = 5;
			isa = PBXFileReference;
			name = sep.c;
			path = ../wv/sep.c;
			refType = 2;
		};
		F5E6EB95038412DF015BFAF6 = {
			fileEncoding = 5;
			isa = PBXFileReference;
			name = shd.c;
			path = ../wv/shd.c;
			refType = 2;
		};
		F5E6EB96038412DF015BFAF6 = {
			fileEncoding = 5;
			isa = PBXFileReference;
			name = sprm.c;
			path = ../wv/sprm.c;
			refType = 2;
		};
		F5E6EB97038412DF015BFAF6 = {
			fileEncoding = 5;
			isa = PBXFileReference;
			name = strcasecmp.c;
			path = ../wv/strcasecmp.c;
			refType = 2;
		};
		F5E6EB98038412DF015BFAF6 = {
			fileEncoding = 5;
			isa = PBXFileReference;
			name = strerror.c;
			path = ../wv/strerror.c;
			refType = 2;
		};
		F5E6EB99038412DF015BFAF6 = {
			fileEncoding = 5;
			isa = PBXFileReference;
			name = sttbf.c;
			path = ../wv/sttbf.c;
			refType = 2;
		};
		F5E6EB9A038412DF015BFAF6 = {
			fileEncoding = 5;
			isa = PBXFileReference;
			name = stylesheet.c;
			path = ../wv/stylesheet.c;
			refType = 2;
		};
		F5E6EB9B038412DF015BFAF6 = {
			fileEncoding = 5;
			isa = PBXFileReference;
			name = support.c;
			path = ../wv/support.c;
			refType = 2;
		};
		F5E6EB9C038412DF015BFAF6 = {
			fileEncoding = 5;
			isa = PBXFileReference;
			name = symbol.c;
			path = ../wv/symbol.c;
			refType = 2;
		};
		F5E6EBC5038412F7015BFAF6 = {
			buildActionMask = 2147483647;
			files = (
				F5E6EBE6038413C6015BFAF6,
				F5E6EBF7038413F5015BFAF6,
				F5E6EBF9038413F5015BFAF6,
				F5E6EBFD038413F5015BFAF6,
				F5E6EC0803841408015BFAF6,
				F5E6EC1403841410015BFAF6,
				F5E6EC330384142A015BFAF6,
				F5E6EC3B03841430015BFAF6,
				F5E6EC480384143E015BFAF6,
				F5E6EC4B03841440015BFAF6,
				F5E6EC6903842022015BFAF6,
				F5E6EFE00385C6AA015BFAF6,
				F5E6F0080385C6F8015BFAF6,
				F5E6F0090385C6F8015BFAF6,
				F5E6F0790385C90E015BFAF6,
				F5E6F07B0385C90E015BFAF6,
				F5E6F07D0385C90E015BFAF6,
				F5E6F0800385C90E015BFAF6,
				F5E6F0810385C90E015BFAF6,
				F5E6F0830385C90E015BFAF6,
				F5E6F0860385C90E015BFAF6,
				F5E6F0880385C90E015BFAF6,
				F5E6F08B0385C90E015BFAF6,
				F5E6F08C0385C90E015BFAF6,
				F5E6F08E0385C90E015BFAF6,
				F5E6F0930385C90E015BFAF6,
				F5E6F0A90385CAFD015BFAF6,
				F5E6F0AB0385CAFD015BFAF6,
				F5348F4B03896A2E011200F0,
			);
			isa = PBXHeadersBuildPhase;
			runOnlyForDeploymentPostprocessing = 0;
		};
		F5E6EBC6038412F7015BFAF6 = {
			buildActionMask = 2147483647;
			files = (
			);
			isa = PBXResourcesBuildPhase;
			runOnlyForDeploymentPostprocessing = 0;
		};
		F5E6EBC7038412F7015BFAF6 = {
			buildActionMask = 2147483647;
			files = (
				F5E6EBCF03841385015BFAF6,
				F5E6EBD00384138F015BFAF6,
				F5E6EBD103841390015BFAF6,
				F5E6EBD203841390015BFAF6,
				F5E6EBDD038413C6015BFAF6,
				F5E6EBDE038413C6015BFAF6,
				F5E6EBDF038413C6015BFAF6,
				F5E6EBE0038413C6015BFAF6,
				F5E6EBE1038413C6015BFAF6,
				F5E6EBE2038413C6015BFAF6,
				F5E6EBE3038413C6015BFAF6,
				F5E6EBE4038413C6015BFAF6,
				F5E6EBE5038413C6015BFAF6,
				F5E6EBF6038413F5015BFAF6,
				F5E6EBF8038413F5015BFAF6,
				F5E6EBFE038413F5015BFAF6,
				F5E6EC04038413F5015BFAF6,
				F5E6EC05038413FF015BFAF6,
				F5E6EC0603841407015BFAF6,
				F5E6EC0703841407015BFAF6,
				F5E6EC0903841408015BFAF6,
				F5E6EC0A03841409015BFAF6,
				F5E6EC0B0384140A015BFAF6,
				F5E6EC0C0384140A015BFAF6,
				F5E6EC0E0384140C015BFAF6,
				F5E6EC0F0384140C015BFAF6,
				F5E6EC100384140D015BFAF6,
				F5E6EC110384140E015BFAF6,
				F5E6EC120384140E015BFAF6,
				F5E6EC130384140F015BFAF6,
				F5E6EC1503841410015BFAF6,
				F5E6EC1603841411015BFAF6,
				F5E6EC1703841412015BFAF6,
				F5E6EC1803841412015BFAF6,
				F5E6EC1903841413015BFAF6,
				F5E6EC1A03841413015BFAF6,
				F5E6EC1B03841414015BFAF6,
				F5E6EC1D03841416015BFAF6,
				F5E6EC1E03841417015BFAF6,
				F5E6EC1F03841418015BFAF6,
				F5E6EC2003841418015BFAF6,
				F5E6EC2103841419015BFAF6,
				F5E6EC220384141A015BFAF6,
				F5E6EC230384141B015BFAF6,
				F5E6EC240384141B015BFAF6,
				F5E6EC250384141C015BFAF6,
				F5E6EC260384141D015BFAF6,
				F5E6EC270384141E015BFAF6,
				F5E6EC280384141E015BFAF6,
				F5E6EC2903841424015BFAF6,
				F5E6EC2A03841425015BFAF6,
				F5E6EC2B03841425015BFAF6,
				F5E6EC2C03841426015BFAF6,
				F5E6EC2D03841427015BFAF6,
				F5E6EC2E03841427015BFAF6,
				F5E6EC2F03841428015BFAF6,
				F5E6EC350384142C015BFAF6,
				F5E6EC360384142C015BFAF6,
				F5E6EC370384142D015BFAF6,
				F5E6EC380384142E015BFAF6,
				F5E6EC390384142E015BFAF6,
				F5E6EC3A0384142F015BFAF6,
				F5E6EC3D03841431015BFAF6,
				F5E6EC3E03841432015BFAF6,
				F5E6EC3F03841433015BFAF6,
				F5E6EC4003841433015BFAF6,
				F5E6EC410384143A015BFAF6,
				F5E6EC420384143A015BFAF6,
				F5E6EC430384143B015BFAF6,
				F5E6EC440384143B015BFAF6,
				F5E6EC460384143D015BFAF6,
				F5E6EC470384143D015BFAF6,
				F5E6EC490384143F015BFAF6,
				F5E6EC4A0384143F015BFAF6,
				F5E6EC4C03841441015BFAF6,
				F5E6EC4D03841441015BFAF6,
				F5E6EC4E03841442015BFAF6,
				F5E6EC4F03841443015BFAF6,
				F5E6EC5003841444015BFAF6,
				F5E6EC5103841445015BFAF6,
				F5E6EC5203841445015BFAF6,
				F5E6EC5403841447015BFAF6,
				F5E6EC5503841449015BFAF6,
				F5E6EC570384144A015BFAF6,
				F5E6EC7C03842049015BFAF6,
				F5E6EC8003842049015BFAF6,
				F5E6EFDF0385C6AA015BFAF6,
				F5E6EFE10385C6AA015BFAF6,
				F5E6EFE20385C6AA015BFAF6,
				F5E6EFE30385C6AA015BFAF6,
				F5E6EFE50385C6AA015BFAF6,
				F5E6EFE60385C6AA015BFAF6,
				F5E6EFE70385C6AA015BFAF6,
				F5E6EFFE0385C6F8015BFAF6,
				F5E6EFFF0385C6F8015BFAF6,
				F5E6F0000385C6F8015BFAF6,
				F5E6F0010385C6F8015BFAF6,
				F5E6F0020385C6F8015BFAF6,
				F5E6F0030385C6F8015BFAF6,
				F5E6F0040385C6F8015BFAF6,
				F5E6F0050385C6F8015BFAF6,
				F5E6F0060385C6F8015BFAF6,
				F5E6F0070385C6F8015BFAF6,
				F5E6F00A0385C6F8015BFAF6,
				F5E6F00B0385C6F8015BFAF6,
				F5E6F00D0385C6F8015BFAF6,
				F5E6F00E0385C6F8015BFAF6,
				F5E6F07A0385C90E015BFAF6,
				F5E6F07C0385C90E015BFAF6,
				F5E6F07E0385C90E015BFAF6,
				F5E6F07F0385C90E015BFAF6,
				F5E6F0820385C90E015BFAF6,
				F5E6F0850385C90E015BFAF6,
				F5E6F0870385C90E015BFAF6,
				F5E6F08A0385C90E015BFAF6,
				F5E6F08D0385C90E015BFAF6,
				F5E6F0900385C90E015BFAF6,
				F5E6F0910385C90E015BFAF6,
				F5E6F0920385C90E015BFAF6,
				F5E6F0960385CABF015BFAF6,
				F5E6F0A80385CAFD015BFAF6,
				F5E6F0AE0385CB9C015BFAF6,
				F5348F4903896A18011200F0,
				F5348F4A03896A2E011200F0,
				F5348F4C03896A69011200F0,
				F5348F4F03896DA6011200F0,
				81C06E6203F1F42C001200F0,
				816D66F4046F7B48001200F2,
			);
			isa = PBXSourcesBuildPhase;
			runOnlyForDeploymentPostprocessing = 0;
		};
		F5E6EBC8038412F7015BFAF6 = {
			buildActionMask = 2147483647;
			files = (
				F5348F3303896879011200F0,
				81C0830603F2E09B001200F0,
				F5348F46038968E5011200F0,
			);
			isa = PBXFrameworksBuildPhase;
			runOnlyForDeploymentPostprocessing = 0;
		};
		F5E6EBC9038412F7015BFAF6 = {
			buildActionMask = 2147483647;
			files = (
			);
			isa = PBXRezBuildPhase;
			runOnlyForDeploymentPostprocessing = 0;
		};
		F5E6EBCA038412F7015BFAF6 = {
			buildPhases = (
				F5E6EBC5038412F7015BFAF6,
				81227D99041B53AB00442981,
				F5E6EBC6038412F7015BFAF6,
				F5E6EBC7038412F7015BFAF6,
				F5E6EBC8038412F7015BFAF6,
				F5E6EBC9038412F7015BFAF6,
			);
			buildSettings = {
				DYLIB_COMPATIBILITY_VERSION = 1;
				DYLIB_CURRENT_VERSION = 1;
				EXPORTED_SYMBOLS_FILE = wv.exports;
				FRAMEWORK_SEARCH_PATHS = "";
				FRAMEWORK_VERSION = 1.0;
				HEADER_SEARCH_PATHS = "\"$(SRCROOT)/../wv\" \"$(BUILD_DIR)/png.framework/Headers\"";
				LIBRARY_SEARCH_PATHS = "";
				OTHER_CFLAGS = "-Wno-long-long -no-cpp-precomp -ansi -pedantic -fno-common -DHAVE_CONFIG_H -DVERSION=\\\\\\\"1.0.0\\\\\\\" -DXMLCONFIG=\\\\\\\"$(datadir)/wv/wvConfig.xml\\\\\\\" -DHTMLCONFIG=\\\\\\\"$(datadir)/wv/wvHtml.xml\\\\\\\" -DWVDATADIR=\\\\\\\"$(datadir)/wv\\\\\\\"";
				OTHER_LDFLAGS = "";
				OTHER_LIBTOOL_FLAGS = "";
				OTHER_REZFLAGS = "";
				PRINCIPAL_CLASS = "";
				PRODUCT_NAME = wv;
				SECTORDER_FLAGS = "";
				SKIP_INSTALL = YES;
				WARNING_CFLAGS = "-Wmost -Wno-four-char-constants -Wno-unknown-pragmas";
				WRAPPER_EXTENSION = framework;
			};
			dependencies = (
			);
			isa = PBXFrameworkTarget;
			name = wv;
			productInstallPath = "@executable_path/../Frameworks";
			productName = wv;
			productReference = F5E7DCE4038A0BC5011200F0;
			productSettingsXML = "<?xml version=\"1.0\" encoding=\"UTF-8\"?>
<!DOCTYPE plist PUBLIC \"-//Apple Computer//DTD PLIST 1.0//EN\" \"http://www.apple.com/DTDs/PropertyList-1.0.dtd\">
<plist version=\"1.0\">
<dict>
	<key>CFBundleDevelopmentRegion</key>
	<string>English</string>
	<key>CFBundleExecutable</key>
	<string></string>
	<key>CFBundleGetInfoString</key>
	<string></string>
	<key>CFBundleIconFile</key>
	<string></string>
	<key>CFBundleIdentifier</key>
	<string>com.wvware.wv</string>
	<key>CFBundleInfoDictionaryVersion</key>
	<string>6.0</string>
	<key>CFBundleName</key>
	<string></string>
	<key>CFBundlePackageType</key>
	<string>FMWK</string>
	<key>CFBundleShortVersionString</key>
	<string></string>
	<key>CFBundleSignature</key>
	<string>????</string>
	<key>CFBundleVersion</key>
	<string>1.0.0</string>
</dict>
</plist>
";
		};
		F5E6EBCF03841385015BFAF6 = {
			fileRef = F5E6EB1B0384129B015BFAF6;
			isa = PBXBuildFile;
			settings = {
			};
		};
		F5E6EBD00384138F015BFAF6 = {
			fileRef = F5E6EB1C0384129B015BFAF6;
			isa = PBXBuildFile;
			settings = {
			};
		};
		F5E6EBD103841390015BFAF6 = {
			fileRef = F5E6EB1D0384129B015BFAF6;
			isa = PBXBuildFile;
			settings = {
			};
		};
		F5E6EBD203841390015BFAF6 = {
			fileRef = F5E6EB1E0384129B015BFAF6;
			isa = PBXBuildFile;
			settings = {
			};
		};
		F5E6EBD3038413C6015BFAF6 = {
			fileEncoding = 5;
			isa = PBXFileReference;
			name = table.c;
			path = ../wv/table.c;
			refType = 2;
		};
		F5E6EBD4038413C6015BFAF6 = {
			fileEncoding = 5;
			isa = PBXFileReference;
			name = tap.c;
			path = ../wv/tap.c;
			refType = 2;
		};
		F5E6EBD5038413C6015BFAF6 = {
			fileEncoding = 5;
			isa = PBXFileReference;
			name = tbd.c;
			path = ../wv/tbd.c;
			refType = 2;
		};
		F5E6EBD6038413C6015BFAF6 = {
			fileEncoding = 5;
			isa = PBXFileReference;
			name = tc.c;
			path = ../wv/tc.c;
			refType = 2;
		};
		F5E6EBD7038413C6015BFAF6 = {
			fileEncoding = 5;
			isa = PBXFileReference;
			name = text.c;
			path = ../wv/text.c;
			refType = 2;
		};
		F5E6EBD8038413C6015BFAF6 = {
			fileEncoding = 5;
			isa = PBXFileReference;
			name = tlp.c;
			path = ../wv/tlp.c;
			refType = 2;
		};
		F5E6EBD9038413C6015BFAF6 = {
			fileEncoding = 5;
			isa = PBXFileReference;
			name = twips.c;
			path = ../wv/twips.c;
			refType = 2;
		};
		F5E6EBDA038413C6015BFAF6 = {
			fileEncoding = 5;
			isa = PBXFileReference;
			name = unicode.c;
			path = ../wv/unicode.c;
			refType = 2;
		};
		F5E6EBDB038413C6015BFAF6 = {
			fileEncoding = 5;
			isa = PBXFileReference;
			name = utf.c;
			path = ../wv/utf.c;
			refType = 2;
		};
		F5E6EBDC038413C6015BFAF6 = {
			fileEncoding = 5;
			isa = PBXFileReference;
			name = utf.h;
			path = ../wv/utf.h;
			refType = 2;
		};
		F5E6EBDD038413C6015BFAF6 = {
			fileRef = F5E6EBD3038413C6015BFAF6;
			isa = PBXBuildFile;
			settings = {
			};
		};
		F5E6EBDE038413C6015BFAF6 = {
			fileRef = F5E6EBD4038413C6015BFAF6;
			isa = PBXBuildFile;
			settings = {
			};
		};
		F5E6EBDF038413C6015BFAF6 = {
			fileRef = F5E6EBD5038413C6015BFAF6;
			isa = PBXBuildFile;
			settings = {
			};
		};
		F5E6EBE0038413C6015BFAF6 = {
			fileRef = F5E6EBD6038413C6015BFAF6;
			isa = PBXBuildFile;
			settings = {
			};
		};
		F5E6EBE1038413C6015BFAF6 = {
			fileRef = F5E6EBD7038413C6015BFAF6;
			isa = PBXBuildFile;
			settings = {
			};
		};
		F5E6EBE2038413C6015BFAF6 = {
			fileRef = F5E6EBD8038413C6015BFAF6;
			isa = PBXBuildFile;
			settings = {
			};
		};
		F5E6EBE3038413C6015BFAF6 = {
			fileRef = F5E6EBD9038413C6015BFAF6;
			isa = PBXBuildFile;
			settings = {
			};
		};
		F5E6EBE4038413C6015BFAF6 = {
			fileRef = F5E6EBDA038413C6015BFAF6;
			isa = PBXBuildFile;
			settings = {
			};
		};
		F5E6EBE5038413C6015BFAF6 = {
			fileRef = F5E6EBDB038413C6015BFAF6;
			isa = PBXBuildFile;
			settings = {
			};
		};
		F5E6EBE6038413C6015BFAF6 = {
			fileRef = F5E6EBDC038413C6015BFAF6;
			isa = PBXBuildFile;
			settings = {
			};
		};
		F5E6EBE7038413F5015BFAF6 = {
			fileEncoding = 5;
			isa = PBXFileReference;
			name = winmmap.c;
			path = ../wv/winmmap.c;
			refType = 2;
		};
		F5E6EBE8038413F5015BFAF6 = {
			fileEncoding = 5;
			isa = PBXFileReference;
			name = winmmap.h;
			path = ../wv/winmmap.h;
			refType = 2;
		};
		F5E6EBE9038413F5015BFAF6 = {
			fileEncoding = 5;
			isa = PBXFileReference;
			name = wkb.c;
			path = ../wv/wkb.c;
			refType = 2;
		};
		F5E6EBEA038413F5015BFAF6 = {
			fileEncoding = 5;
			isa = PBXFileReference;
			name = wv.h;
			path = ../wv/wv.h;
			refType = 2;
		};
		F5E6EBEB038413F5015BFAF6 = {
			fileEncoding = 5;
			isa = PBXFileReference;
			name = wvConfig.c;
			path = ../wv/wvConfig.c;
			refType = 2;
		};
		F5E6EBEC038413F5015BFAF6 = {
			fileEncoding = 5;
			isa = PBXFileReference;
			name = wvConvert.c;
			path = ../wv/wvConvert.c;
			refType = 2;
		};
		F5E6EBED038413F5015BFAF6 = {
			fileEncoding = 5;
			isa = PBXFileReference;
			name = wvHtmlEngine.c;
			path = ../wv/wvHtmlEngine.c;
			refType = 2;
		};
		F5E6EBEE038413F5015BFAF6 = {
			fileEncoding = 5;
			isa = PBXFileReference;
			name = wvinternal.h;
			path = ../wv/wvinternal.h;
			refType = 2;
		};
		F5E6EBEF038413F5015BFAF6 = {
			fileEncoding = 5;
			isa = PBXFileReference;
			name = wvparse.c;
			path = ../wv/wvparse.c;
			refType = 2;
		};
		F5E6EBF0038413F5015BFAF6 = {
			fileEncoding = 5;
			isa = PBXFileReference;
			name = wvRTF.c;
			path = ../wv/wvRTF.c;
			refType = 2;
		};
		F5E6EBF1038413F5015BFAF6 = {
			fileEncoding = 5;
			isa = PBXFileReference;
			name = wvSummary.c;
			path = ../wv/wvSummary.c;
			refType = 2;
		};
		F5E6EBF2038413F5015BFAF6 = {
			fileEncoding = 5;
			isa = PBXFileReference;
			name = wvTextEngine.c;
			path = ../wv/wvTextEngine.c;
			refType = 2;
		};
		F5E6EBF3038413F5015BFAF6 = {
			fileEncoding = 5;
			isa = PBXFileReference;
			name = wvVersion.c;
			path = ../wv/wvVersion.c;
			refType = 2;
		};
		F5E6EBF4038413F5015BFAF6 = {
			fileEncoding = 5;
			isa = PBXFileReference;
			name = wvWare.c;
			path = ../wv/wvWare.c;
			refType = 2;
		};
		F5E6EBF5038413F5015BFAF6 = {
			fileEncoding = 5;
			isa = PBXFileReference;
			name = xst.c;
			path = ../wv/xst.c;
			refType = 2;
		};
		F5E6EBF6038413F5015BFAF6 = {
			fileRef = F5E6EBE7038413F5015BFAF6;
			isa = PBXBuildFile;
			settings = {
			};
		};
		F5E6EBF7038413F5015BFAF6 = {
			fileRef = F5E6EBE8038413F5015BFAF6;
			isa = PBXBuildFile;
			settings = {
			};
		};
		F5E6EBF8038413F5015BFAF6 = {
			fileRef = F5E6EBE9038413F5015BFAF6;
			isa = PBXBuildFile;
			settings = {
			};
		};
		F5E6EBF9038413F5015BFAF6 = {
			fileRef = F5E6EBEA038413F5015BFAF6;
			isa = PBXBuildFile;
			settings = {
				ATTRIBUTES = (
					Public,
				);
			};
		};
		F5E6EBFD038413F5015BFAF6 = {
			fileRef = F5E6EBEE038413F5015BFAF6;
			isa = PBXBuildFile;
			settings = {
			};
		};
		F5E6EBFE038413F5015BFAF6 = {
			fileRef = F5E6EBEF038413F5015BFAF6;
			isa = PBXBuildFile;
			settings = {
			};
		};
		F5E6EC04038413F5015BFAF6 = {
			fileRef = F5E6EBF5038413F5015BFAF6;
			isa = PBXBuildFile;
			settings = {
			};
		};
		F5E6EC05038413FF015BFAF6 = {
			fileRef = F5E6EB1F0384129B015BFAF6;
			isa = PBXBuildFile;
			settings = {
			};
		};
		F5E6EC0603841407015BFAF6 = {
			fileRef = F5E6EB200384129B015BFAF6;
			isa = PBXBuildFile;
			settings = {
			};
		};
		F5E6EC0703841407015BFAF6 = {
			fileRef = F5E6EB210384129B015BFAF6;
			isa = PBXBuildFile;
			settings = {
			};
		};
		F5E6EC0803841408015BFAF6 = {
			fileRef = F5E6EB220384129B015BFAF6;
			isa = PBXBuildFile;
			settings = {
			};
		};
		F5E6EC0903841408015BFAF6 = {
			fileRef = F5E6EB230384129B015BFAF6;
			isa = PBXBuildFile;
			settings = {
			};
		};
		F5E6EC0A03841409015BFAF6 = {
			fileRef = F5E6EB240384129B015BFAF6;
			isa = PBXBuildFile;
			settings = {
			};
		};
		F5E6EC0B0384140A015BFAF6 = {
			fileRef = F5E6EB250384129B015BFAF6;
			isa = PBXBuildFile;
			settings = {
			};
		};
		F5E6EC0C0384140A015BFAF6 = {
			fileRef = F5E6EB260384129B015BFAF6;
			isa = PBXBuildFile;
			settings = {
			};
		};
		F5E6EC0E0384140C015BFAF6 = {
			fileRef = F5E6EB280384129B015BFAF6;
			isa = PBXBuildFile;
			settings = {
			};
		};
		F5E6EC0F0384140C015BFAF6 = {
			fileRef = F5E6EB290384129B015BFAF6;
			isa = PBXBuildFile;
			settings = {
			};
		};
		F5E6EC100384140D015BFAF6 = {
			fileRef = F5E6EB2A0384129B015BFAF6;
			isa = PBXBuildFile;
			settings = {
			};
		};
		F5E6EC110384140E015BFAF6 = {
			fileRef = F5E6EB2B0384129B015BFAF6;
			isa = PBXBuildFile;
			settings = {
			};
		};
		F5E6EC120384140E015BFAF6 = {
			fileRef = F5E6EB2C0384129B015BFAF6;
			isa = PBXBuildFile;
			settings = {
			};
		};
		F5E6EC130384140F015BFAF6 = {
			fileRef = F5E6EB2D0384129B015BFAF6;
			isa = PBXBuildFile;
			settings = {
			};
		};
		F5E6EC1403841410015BFAF6 = {
			fileRef = F5E6EB2E0384129B015BFAF6;
			isa = PBXBuildFile;
			settings = {
			};
		};
		F5E6EC1503841410015BFAF6 = {
			fileRef = F5E6EB2F0384129B015BFAF6;
			isa = PBXBuildFile;
			settings = {
			};
		};
		F5E6EC1603841411015BFAF6 = {
			fileRef = F5E6EB300384129B015BFAF6;
			isa = PBXBuildFile;
			settings = {
			};
		};
		F5E6EC1703841412015BFAF6 = {
			fileRef = F5E6EB310384129B015BFAF6;
			isa = PBXBuildFile;
			settings = {
			};
		};
		F5E6EC1803841412015BFAF6 = {
			fileRef = F5E6EB320384129B015BFAF6;
			isa = PBXBuildFile;
			settings = {
			};
		};
		F5E6EC1903841413015BFAF6 = {
			fileRef = F5E6EB330384129B015BFAF6;
			isa = PBXBuildFile;
			settings = {
			};
		};
		F5E6EC1A03841413015BFAF6 = {
			fileRef = F5E6EB340384129B015BFAF6;
			isa = PBXBuildFile;
			settings = {
			};
		};
		F5E6EC1B03841414015BFAF6 = {
			fileRef = F5E6EB350384129B015BFAF6;
			isa = PBXBuildFile;
			settings = {
			};
		};
		F5E6EC1D03841416015BFAF6 = {
			fileRef = F5E6EB360384129B015BFAF6;
			isa = PBXBuildFile;
			settings = {
			};
		};
		F5E6EC1E03841417015BFAF6 = {
			fileRef = F5E6EB370384129B015BFAF6;
			isa = PBXBuildFile;
			settings = {
			};
		};
		F5E6EC1F03841418015BFAF6 = {
			fileRef = F5E6EB380384129B015BFAF6;
			isa = PBXBuildFile;
			settings = {
			};
		};
		F5E6EC2003841418015BFAF6 = {
			fileRef = F5E6EB390384129B015BFAF6;
			isa = PBXBuildFile;
			settings = {
			};
		};
		F5E6EC2103841419015BFAF6 = {
			fileRef = F5E6EB3A0384129B015BFAF6;
			isa = PBXBuildFile;
			settings = {
			};
		};
		F5E6EC220384141A015BFAF6 = {
			fileRef = F5E6EB3B0384129B015BFAF6;
			isa = PBXBuildFile;
			settings = {
			};
		};
		F5E6EC230384141B015BFAF6 = {
			fileRef = F5E6EB3C0384129B015BFAF6;
			isa = PBXBuildFile;
			settings = {
			};
		};
		F5E6EC240384141B015BFAF6 = {
			fileRef = F5E6EB3D0384129B015BFAF6;
			isa = PBXBuildFile;
			settings = {
			};
		};
		F5E6EC250384141C015BFAF6 = {
			fileRef = F5E6EB3E0384129B015BFAF6;
			isa = PBXBuildFile;
			settings = {
			};
		};
		F5E6EC260384141D015BFAF6 = {
			fileRef = F5E6EB3F0384129B015BFAF6;
			isa = PBXBuildFile;
			settings = {
			};
		};
		F5E6EC270384141E015BFAF6 = {
			fileRef = F5E6EB400384129B015BFAF6;
			isa = PBXBuildFile;
			settings = {
			};
		};
		F5E6EC280384141E015BFAF6 = {
			fileRef = F5E6EB410384129B015BFAF6;
			isa = PBXBuildFile;
			settings = {
			};
		};
		F5E6EC2903841424015BFAF6 = {
			fileRef = F5E6EB420384129B015BFAF6;
			isa = PBXBuildFile;
			settings = {
			};
		};
		F5E6EC2A03841425015BFAF6 = {
			fileRef = F5E6EB430384129B015BFAF6;
			isa = PBXBuildFile;
			settings = {
			};
		};
		F5E6EC2B03841425015BFAF6 = {
			fileRef = F5E6EB440384129B015BFAF6;
			isa = PBXBuildFile;
			settings = {
			};
		};
		F5E6EC2C03841426015BFAF6 = {
			fileRef = F5E6EB450384129B015BFAF6;
			isa = PBXBuildFile;
			settings = {
			};
		};
		F5E6EC2D03841427015BFAF6 = {
			fileRef = F5E6EB460384129B015BFAF6;
			isa = PBXBuildFile;
			settings = {
			};
		};
		F5E6EC2E03841427015BFAF6 = {
			fileRef = F5E6EB470384129B015BFAF6;
			isa = PBXBuildFile;
			settings = {
			};
		};
		F5E6EC2F03841428015BFAF6 = {
			fileRef = F5E6EB75038412DF015BFAF6;
			isa = PBXBuildFile;
			settings = {
			};
		};
		F5E6EC330384142A015BFAF6 = {
			fileRef = F5E6EB79038412DF015BFAF6;
			isa = PBXBuildFile;
			settings = {
			};
		};
		F5E6EC350384142C015BFAF6 = {
			fileRef = F5E6EB7B038412DF015BFAF6;
			isa = PBXBuildFile;
			settings = {
			};
		};
		F5E6EC360384142C015BFAF6 = {
			fileRef = F5E6EB7C038412DF015BFAF6;
			isa = PBXBuildFile;
			settings = {
			};
		};
		F5E6EC370384142D015BFAF6 = {
			fileRef = F5E6EB7D038412DF015BFAF6;
			isa = PBXBuildFile;
			settings = {
			};
		};
		F5E6EC380384142E015BFAF6 = {
			fileRef = F5E6EB7E038412DF015BFAF6;
			isa = PBXBuildFile;
			settings = {
			};
		};
		F5E6EC390384142E015BFAF6 = {
			fileRef = F5E6EB7F038412DF015BFAF6;
			isa = PBXBuildFile;
			settings = {
			};
		};
		F5E6EC3A0384142F015BFAF6 = {
			fileRef = F5E6EB80038412DF015BFAF6;
			isa = PBXBuildFile;
			settings = {
			};
		};
		F5E6EC3B03841430015BFAF6 = {
			fileRef = F5E6EB81038412DF015BFAF6;
			isa = PBXBuildFile;
			settings = {
			};
		};
		F5E6EC3D03841431015BFAF6 = {
			fileRef = F5E6EB82038412DF015BFAF6;
			isa = PBXBuildFile;
			settings = {
			};
		};
		F5E6EC3E03841432015BFAF6 = {
			fileRef = F5E6EB83038412DF015BFAF6;
			isa = PBXBuildFile;
			settings = {
			};
		};
		F5E6EC3F03841433015BFAF6 = {
			fileRef = F5E6EB84038412DF015BFAF6;
			isa = PBXBuildFile;
			settings = {
			};
		};
		F5E6EC4003841433015BFAF6 = {
			fileRef = F5E6EB85038412DF015BFAF6;
			isa = PBXBuildFile;
			settings = {
			};
		};
		F5E6EC410384143A015BFAF6 = {
			fileRef = F5E6EB86038412DF015BFAF6;
			isa = PBXBuildFile;
			settings = {
			};
		};
		F5E6EC420384143A015BFAF6 = {
			fileRef = F5E6EB87038412DF015BFAF6;
			isa = PBXBuildFile;
			settings = {
			};
		};
		F5E6EC430384143B015BFAF6 = {
			fileRef = F5E6EB88038412DF015BFAF6;
			isa = PBXBuildFile;
			settings = {
			};
		};
		F5E6EC440384143B015BFAF6 = {
			fileRef = F5E6EB89038412DF015BFAF6;
			isa = PBXBuildFile;
			settings = {
			};
		};
		F5E6EC460384143D015BFAF6 = {
			fileRef = F5E6EB8B038412DF015BFAF6;
			isa = PBXBuildFile;
			settings = {
			};
		};
		F5E6EC470384143D015BFAF6 = {
			fileRef = F5E6EB8C038412DF015BFAF6;
			isa = PBXBuildFile;
			settings = {
			};
		};
		F5E6EC480384143E015BFAF6 = {
			fileRef = F5E6EB8D038412DF015BFAF6;
			isa = PBXBuildFile;
			settings = {
			};
		};
		F5E6EC490384143F015BFAF6 = {
			fileRef = F5E6EB8E038412DF015BFAF6;
			isa = PBXBuildFile;
			settings = {
			};
		};
		F5E6EC4A0384143F015BFAF6 = {
			fileRef = F5E6EB8F038412DF015BFAF6;
			isa = PBXBuildFile;
			settings = {
			};
		};
		F5E6EC4B03841440015BFAF6 = {
			fileRef = F5E6EB90038412DF015BFAF6;
			isa = PBXBuildFile;
			settings = {
			};
		};
		F5E6EC4C03841441015BFAF6 = {
			fileRef = F5E6EB91038412DF015BFAF6;
			isa = PBXBuildFile;
			settings = {
			};
		};
		F5E6EC4D03841441015BFAF6 = {
			fileRef = F5E6EB92038412DF015BFAF6;
			isa = PBXBuildFile;
			settings = {
			};
		};
		F5E6EC4E03841442015BFAF6 = {
			fileRef = F5E6EB93038412DF015BFAF6;
			isa = PBXBuildFile;
			settings = {
			};
		};
		F5E6EC4F03841443015BFAF6 = {
			fileRef = F5E6EB95038412DF015BFAF6;
			isa = PBXBuildFile;
			settings = {
			};
		};
		F5E6EC5003841444015BFAF6 = {
			fileRef = F5E6EB94038412DF015BFAF6;
			isa = PBXBuildFile;
			settings = {
			};
		};
		F5E6EC5103841445015BFAF6 = {
			fileRef = F5E6EB96038412DF015BFAF6;
			isa = PBXBuildFile;
			settings = {
			};
		};
		F5E6EC5203841445015BFAF6 = {
			fileRef = F5E6EB97038412DF015BFAF6;
			isa = PBXBuildFile;
			settings = {
			};
		};
		F5E6EC5403841447015BFAF6 = {
			fileRef = F5E6EB99038412DF015BFAF6;
			isa = PBXBuildFile;
			settings = {
			};
		};
		F5E6EC5503841449015BFAF6 = {
			fileRef = F5E6EB9A038412DF015BFAF6;
			isa = PBXBuildFile;
			settings = {
			};
		};
		F5E6EC570384144A015BFAF6 = {
			fileRef = F5E6EB9C038412DF015BFAF6;
			isa = PBXBuildFile;
			settings = {
			};
		};
		F5E6EC6703842009015BFAF6 = {
			children = (
				F5E6EC6803842022015BFAF6,
			);
			isa = PBXGroup;
			name = "Generated Sources";
			path = "";
			refType = 4;
		};
		F5E6EC6803842022015BFAF6 = {
			fileEncoding = 5;
			isa = PBXFileReference;
			path = config.h;
			refType = 2;
		};
		F5E6EC6903842022015BFAF6 = {
			fileRef = F5E6EC6803842022015BFAF6;
			isa = PBXBuildFile;
			settings = {
			};
		};
		F5E6EC6A03842049015BFAF6 = {
			children = (
				F5E6EC6E03842049015BFAF6,
				F5E6EC6F03842049015BFAF6,
				F5E6EC7003842049015BFAF6,
				F5E6EC7103842049015BFAF6,
				F5E6EC7203842049015BFAF6,
				F5E6EC7303842049015BFAF6,
				F5E6EC7403842049015BFAF6,
				F5E6EC7503842049015BFAF6,
			);
			isa = PBXGroup;
			name = libole2;
			path = ../wv/libole2;
			refType = 2;
		};
		F5E6EC6E03842049015BFAF6 = {
			fileEncoding = 5;
			isa = PBXFileReference;
			path = "ms-ole-gnomevfs.c";
			refType = 4;
		};
		F5E6EC6F03842049015BFAF6 = {
			fileEncoding = 5;
			isa = PBXFileReference;
			path = "ms-ole-gnomevfs.h";
			refType = 4;
		};
		F5E6EC7003842049015BFAF6 = {
			fileEncoding = 5;
			isa = PBXFileReference;
			path = "ms-ole-summary.c";
			refType = 4;
		};
		F5E6EC7103842049015BFAF6 = {
			fileEncoding = 5;
			isa = PBXFileReference;
			path = "ms-ole-summary.h";
			refType = 4;
		};
		F5E6EC7203842049015BFAF6 = {
			fileEncoding = 5;
			isa = PBXFileReference;
			path = "ms-ole-vba.c";
			refType = 4;
		};
		F5E6EC7303842049015BFAF6 = {
			fileEncoding = 5;
			isa = PBXFileReference;
			path = "ms-ole-vba.h";
			refType = 4;
		};
		F5E6EC7403842049015BFAF6 = {
			fileEncoding = 5;
			isa = PBXFileReference;
			path = "ms-ole.c";
			refType = 4;
		};
		F5E6EC7503842049015BFAF6 = {
			fileEncoding = 5;
			isa = PBXFileReference;
			path = "ms-ole.h";
			refType = 4;
		};
		F5E6EC7C03842049015BFAF6 = {
			fileRef = F5E6EC7003842049015BFAF6;
			isa = PBXBuildFile;
			settings = {
			};
		};
		F5E6EC7D03842049015BFAF6 = {
			fileRef = F5E6EC7103842049015BFAF6;
			isa = PBXBuildFile;
			settings = {
				ATTRIBUTES = (
				);
			};
		};
		F5E6EC8003842049015BFAF6 = {
			fileRef = F5E6EC7403842049015BFAF6;
			isa = PBXBuildFile;
			settings = {
			};
		};
		F5E6EC8103842049015BFAF6 = {
			fileRef = F5E6EC7503842049015BFAF6;
			isa = PBXBuildFile;
			settings = {
				ATTRIBUTES = (
				);
			};
		};
		F5E6EFD10385C6A9015BFAF6 = {
			children = (
				F5E6EFD30385C6AA015BFAF6,
				F5E6EFD40385C6AA015BFAF6,
				F5E6EFD50385C6AA015BFAF6,
				F5E6EFD60385C6AA015BFAF6,
				F5E6EFD70385C6AA015BFAF6,
				F5E6EFD90385C6AA015BFAF6,
				F5E6EFDA0385C6AA015BFAF6,
				F5E6EFDB0385C6AA015BFAF6,
			);
			isa = PBXGroup;
			name = "glib-wv";
			path = "../wv/glib-wv";
			refType = 2;
		};
		F5E6EFD30385C6AA015BFAF6 = {
			fileEncoding = 5;
			isa = PBXFileReference;
			path = garray.c;
			refType = 4;
		};
		F5E6EFD40385C6AA015BFAF6 = {
			fileEncoding = 5;
			isa = PBXFileReference;
			path = glib.h;
			refType = 4;
		};
		F5E6EFD50385C6AA015BFAF6 = {
			fileEncoding = 5;
			isa = PBXFileReference;
			path = glist.c;
			refType = 4;
		};
		F5E6EFD60385C6AA015BFAF6 = {
			fileEncoding = 5;
			isa = PBXFileReference;
			path = gmem.c;
			refType = 4;
		};
		F5E6EFD70385C6AA015BFAF6 = {
			fileEncoding = 5;
			isa = PBXFileReference;
			path = gmessages.c;
			refType = 4;
		};
		F5E6EFD90385C6AA015BFAF6 = {
			fileEncoding = 5;
			isa = PBXFileReference;
			path = gslist.c;
			refType = 4;
		};
		F5E6EFDA0385C6AA015BFAF6 = {
			fileEncoding = 5;
			isa = PBXFileReference;
			path = gstrfuncs.c;
			refType = 4;
		};
		F5E6EFDB0385C6AA015BFAF6 = {
			fileEncoding = 5;
			isa = PBXFileReference;
			path = gtree.c;
			refType = 4;
		};
		F5E6EFDF0385C6AA015BFAF6 = {
			fileRef = F5E6EFD30385C6AA015BFAF6;
			isa = PBXBuildFile;
			settings = {
			};
		};
		F5E6EFE00385C6AA015BFAF6 = {
			fileRef = F5E6EFD40385C6AA015BFAF6;
			isa = PBXBuildFile;
			settings = {
			};
		};
		F5E6EFE10385C6AA015BFAF6 = {
			fileRef = F5E6EFD50385C6AA015BFAF6;
			isa = PBXBuildFile;
			settings = {
			};
		};
		F5E6EFE20385C6AA015BFAF6 = {
			fileRef = F5E6EFD60385C6AA015BFAF6;
			isa = PBXBuildFile;
			settings = {
			};
		};
		F5E6EFE30385C6AA015BFAF6 = {
			fileRef = F5E6EFD70385C6AA015BFAF6;
			isa = PBXBuildFile;
			settings = {
			};
		};
		F5E6EFE50385C6AA015BFAF6 = {
			fileRef = F5E6EFD90385C6AA015BFAF6;
			isa = PBXBuildFile;
			settings = {
			};
		};
		F5E6EFE60385C6AA015BFAF6 = {
			fileRef = F5E6EFDA0385C6AA015BFAF6;
			isa = PBXBuildFile;
			settings = {
			};
		};
		F5E6EFE70385C6AA015BFAF6 = {
			fileRef = F5E6EFDB0385C6AA015BFAF6;
			isa = PBXBuildFile;
			settings = {
			};
		};
		F5E6EFEA0385C6F8015BFAF6 = {
			children = (
				F5E6EFEC0385C6F8015BFAF6,
				F5E6EFED0385C6F8015BFAF6,
				F5E6EFEE0385C6F8015BFAF6,
				F5E6EFEF0385C6F8015BFAF6,
				F5E6EFF00385C6F8015BFAF6,
				F5E6EFF10385C6F8015BFAF6,
				F5E6EFF20385C6F8015BFAF6,
				F5E6EFF30385C6F8015BFAF6,
				F5E6EFF40385C6F8015BFAF6,
				F5E6EFF50385C6F8015BFAF6,
				F5E6EFF60385C6F8015BFAF6,
				F5E6EFF70385C6F8015BFAF6,
				F5E6EFF80385C6F8015BFAF6,
				F5E6EFF90385C6F8015BFAF6,
				F5E6EFFB0385C6F8015BFAF6,
				F5E6EFFC0385C6F8015BFAF6,
			);
			isa = PBXGroup;
			name = iconv;
			path = ../wv/iconv;
			refType = 2;
		};
		F5E6EFEC0385C6F8015BFAF6 = {
			fileEncoding = 5;
			isa = PBXFileReference;
			path = "codepage-1250.c";
			refType = 4;
		};
		F5E6EFED0385C6F8015BFAF6 = {
			fileEncoding = 5;
			isa = PBXFileReference;
			path = "codepage-1251.c";
			refType = 4;
		};
		F5E6EFEE0385C6F8015BFAF6 = {
			fileEncoding = 5;
			isa = PBXFileReference;
			path = "codepage-1252.c";
			refType = 4;
		};
		F5E6EFEF0385C6F8015BFAF6 = {
			fileEncoding = 5;
			isa = PBXFileReference;
			path = "codepage-1253.c";
			refType = 4;
		};
		F5E6EFF00385C6F8015BFAF6 = {
			fileEncoding = 5;
			isa = PBXFileReference;
			path = "codepage-1254.c";
			refType = 4;
		};
		F5E6EFF10385C6F8015BFAF6 = {
			fileEncoding = 5;
			isa = PBXFileReference;
			path = "codepage-1255.c";
			refType = 4;
		};
		F5E6EFF20385C6F8015BFAF6 = {
			fileEncoding = 5;
			isa = PBXFileReference;
			path = "codepage-1256.c";
			refType = 4;
		};
		F5E6EFF30385C6F8015BFAF6 = {
			fileEncoding = 5;
			isa = PBXFileReference;
			path = "codepage-1257.c";
			refType = 4;
		};
		F5E6EFF40385C6F8015BFAF6 = {
			fileEncoding = 5;
			isa = PBXFileReference;
			path = "codepage-874.c";
			refType = 4;
		};
		F5E6EFF50385C6F8015BFAF6 = {
			fileEncoding = 5;
			isa = PBXFileReference;
			path = iconv.c;
			refType = 4;
		};
		F5E6EFF60385C6F8015BFAF6 = {
			fileEncoding = 5;
			isa = PBXFileReference;
			path = iconv.h;
			refType = 4;
		};
		F5E6EFF70385C6F8015BFAF6 = {
			fileEncoding = 5;
			isa = PBXFileReference;
			path = iconv_internal.h;
			refType = 4;
		};
		F5E6EFF80385C6F8015BFAF6 = {
			fileEncoding = 5;
			isa = PBXFileReference;
			path = "iso-8859-15.c";
			refType = 4;
		};
		F5E6EFF90385C6F8015BFAF6 = {
			fileEncoding = 5;
			isa = PBXFileReference;
			path = "koi8-r.c";
			refType = 4;
		};
		F5E6EFFB0385C6F8015BFAF6 = {
			fileEncoding = 5;
			isa = PBXFileReference;
			path = "tis-620.c";
			refType = 4;
		};
		F5E6EFFC0385C6F8015BFAF6 = {
			fileEncoding = 5;
			isa = PBXFileReference;
			path = "utf-8.c";
			refType = 4;
		};
		F5E6EFFE0385C6F8015BFAF6 = {
			fileRef = F5E6EFEC0385C6F8015BFAF6;
			isa = PBXBuildFile;
			settings = {
			};
		};
		F5E6EFFF0385C6F8015BFAF6 = {
			fileRef = F5E6EFED0385C6F8015BFAF6;
			isa = PBXBuildFile;
			settings = {
			};
		};
		F5E6F0000385C6F8015BFAF6 = {
			fileRef = F5E6EFEE0385C6F8015BFAF6;
			isa = PBXBuildFile;
			settings = {
			};
		};
		F5E6F0010385C6F8015BFAF6 = {
			fileRef = F5E6EFEF0385C6F8015BFAF6;
			isa = PBXBuildFile;
			settings = {
			};
		};
		F5E6F0020385C6F8015BFAF6 = {
			fileRef = F5E6EFF00385C6F8015BFAF6;
			isa = PBXBuildFile;
			settings = {
			};
		};
		F5E6F0030385C6F8015BFAF6 = {
			fileRef = F5E6EFF10385C6F8015BFAF6;
			isa = PBXBuildFile;
			settings = {
			};
		};
		F5E6F0040385C6F8015BFAF6 = {
			fileRef = F5E6EFF20385C6F8015BFAF6;
			isa = PBXBuildFile;
			settings = {
			};
		};
		F5E6F0050385C6F8015BFAF6 = {
			fileRef = F5E6EFF30385C6F8015BFAF6;
			isa = PBXBuildFile;
			settings = {
			};
		};
		F5E6F0060385C6F8015BFAF6 = {
			fileRef = F5E6EFF40385C6F8015BFAF6;
			isa = PBXBuildFile;
			settings = {
			};
		};
		F5E6F0070385C6F8015BFAF6 = {
			fileRef = F5E6EFF50385C6F8015BFAF6;
			isa = PBXBuildFile;
			settings = {
			};
		};
		F5E6F0080385C6F8015BFAF6 = {
			fileRef = F5E6EFF60385C6F8015BFAF6;
			isa = PBXBuildFile;
			settings = {
			};
		};
		F5E6F0090385C6F8015BFAF6 = {
			fileRef = F5E6EFF70385C6F8015BFAF6;
			isa = PBXBuildFile;
			settings = {
			};
		};
		F5E6F00A0385C6F8015BFAF6 = {
			fileRef = F5E6EFF80385C6F8015BFAF6;
			isa = PBXBuildFile;
			settings = {
			};
		};
		F5E6F00B0385C6F8015BFAF6 = {
			fileRef = F5E6EFF90385C6F8015BFAF6;
			isa = PBXBuildFile;
			settings = {
			};
		};
		F5E6F00D0385C6F8015BFAF6 = {
			fileRef = F5E6EFFB0385C6F8015BFAF6;
			isa = PBXBuildFile;
			settings = {
			};
		};
		F5E6F00E0385C6F8015BFAF6 = {
			fileRef = F5E6EFFC0385C6F8015BFAF6;
			isa = PBXBuildFile;
			settings = {
			};
		};
		F5E6F00F0385C743015BFAF6 = {
			children = (
				F5E6F01A0385C743015BFAF6,
				F5E6F0230385C743015BFAF6,
			);
			isa = PBXGroup;
			name = expat;
			path = ../wv/expat;
			refType = 2;
		};
		F5E6F01A0385C743015BFAF6 = {
			children = (
				F5E6F01D0385C743015BFAF6,
				F5E6F01E0385C743015BFAF6,
				F5E6F0200385C743015BFAF6,
				F5E6F0220385C743015BFAF6,
			);
			isa = PBXGroup;
			path = xmlparse;
			refType = 4;
		};
		F5E6F01D0385C743015BFAF6 = {
			fileEncoding = 5;
			isa = PBXFileReference;
			path = hashtable.c;
			refType = 4;
		};
		F5E6F01E0385C743015BFAF6 = {
			fileEncoding = 5;
			isa = PBXFileReference;
			path = hashtable.h;
			refType = 4;
		};
		F5E6F0200385C743015BFAF6 = {
			fileEncoding = 5;
			isa = PBXFileReference;
			path = xmlparse.c;
			refType = 4;
		};
		F5E6F0220385C743015BFAF6 = {
			fileEncoding = 5;
			isa = PBXFileReference;
			path = xmlparse.h;
			refType = 4;
		};
		F5E6F0230385C743015BFAF6 = {
			children = (
				F5E6F0250385C743015BFAF6,
				F5E6F0280385C744015BFAF6,
				F5E6F0290385C744015BFAF6,
				F5E6F02B0385C744015BFAF6,
				F5E6F02C0385C744015BFAF6,
				F5E6F02D0385C744015BFAF6,
				F5E6F02E0385C744015BFAF6,
				F5E6F02F0385C744015BFAF6,
				F5E6F0300385C744015BFAF6,
				F5E6F0320385C744015BFAF6,
				F5E6F0330385C744015BFAF6,
				F5E6F0340385C744015BFAF6,
				F5E6F0350385C744015BFAF6,
			);
			isa = PBXGroup;
			path = xmltok;
			refType = 4;
		};
		F5E6F0250385C743015BFAF6 = {
			fileEncoding = 5;
			isa = PBXFileReference;
			path = asciitab.h;
			refType = 4;
		};
		F5E6F0280385C744015BFAF6 = {
			fileEncoding = 5;
			isa = PBXFileReference;
			path = iasciitab.h;
			refType = 4;
		};
		F5E6F0290385C744015BFAF6 = {
			fileEncoding = 5;
			isa = PBXFileReference;
			path = latin1tab.h;
			refType = 4;
		};
		F5E6F02B0385C744015BFAF6 = {
			fileEncoding = 5;
			isa = PBXFileReference;
			path = nametab.h;
			refType = 4;
		};
		F5E6F02C0385C744015BFAF6 = {
			fileEncoding = 5;
			isa = PBXFileReference;
			path = utf8tab.h;
			refType = 4;
		};
		F5E6F02D0385C744015BFAF6 = {
			fileEncoding = 5;
			isa = PBXFileReference;
			path = xmldef.h;
			refType = 4;
		};
		F5E6F02E0385C744015BFAF6 = {
			fileEncoding = 5;
			isa = PBXFileReference;
			path = xmlrole.c;
			refType = 4;
		};
		F5E6F02F0385C744015BFAF6 = {
			fileEncoding = 5;
			isa = PBXFileReference;
			path = xmlrole.h;
			refType = 4;
		};
		F5E6F0300385C744015BFAF6 = {
			fileEncoding = 5;
			isa = PBXFileReference;
			path = xmltok.c;
			refType = 4;
		};
		F5E6F0320385C744015BFAF6 = {
			fileEncoding = 5;
			isa = PBXFileReference;
			path = xmltok.h;
			refType = 4;
		};
		F5E6F0330385C744015BFAF6 = {
			fileEncoding = 5;
			isa = PBXFileReference;
			path = xmltok_impl.c;
			refType = 4;
		};
		F5E6F0340385C744015BFAF6 = {
			fileEncoding = 5;
			isa = PBXFileReference;
			path = xmltok_impl.h;
			refType = 4;
		};
		F5E6F0350385C744015BFAF6 = {
			fileEncoding = 5;
			isa = PBXFileReference;
			path = xmltok_ns.c;
			refType = 4;
		};
		F5E6F05B0385C90E015BFAF6 = {
			children = (
				F5E6F05D0385C90E015BFAF6,
				F5E6F05E0385C90E015BFAF6,
				F5E6F05F0385C90E015BFAF6,
				F5E6F0600385C90E015BFAF6,
				F5E6F0610385C90E015BFAF6,
				F5E6F0620385C90E015BFAF6,
				F5E6F0630385C90E015BFAF6,
				F5E6F0640385C90E015BFAF6,
				F5E6F0650385C90E015BFAF6,
				F5E6F0660385C90E015BFAF6,
				F5E6F0670385C90E015BFAF6,
				F5E6F0690385C90E015BFAF6,
				F5E6F06A0385C90E015BFAF6,
				F5E6F06B0385C90E015BFAF6,
				F5E6F06C0385C90E015BFAF6,
				F5E6F06E0385C90E015BFAF6,
				F5E6F06F0385C90E015BFAF6,
				F5E6F0700385C90E015BFAF6,
				F5E6F0710385C90E015BFAF6,
				F5E6F0720385C90E015BFAF6,
				F5E6F0740385C90E015BFAF6,
				F5E6F0750385C90E015BFAF6,
				F5E6F0760385C90E015BFAF6,
				F5E6F0770385C90E015BFAF6,
			);
			isa = PBXGroup;
			name = magick;
			path = ../wv/magick;
			refType = 2;
		};
		F5E6F05D0385C90E015BFAF6 = {
			fileEncoding = 5;
			isa = PBXFileReference;
			path = api.h;
			refType = 4;
		};
		F5E6F05E0385C90E015BFAF6 = {
			fileEncoding = 5;
			isa = PBXFileReference;
			path = blob.c;
			refType = 4;
		};
		F5E6F05F0385C90E015BFAF6 = {
			fileEncoding = 5;
			isa = PBXFileReference;
			path = blob.h;
			refType = 4;
		};
		F5E6F0600385C90E015BFAF6 = {
			fileEncoding = 5;
			isa = PBXFileReference;
			path = bmp.c;
			refType = 4;
		};
		F5E6F0610385C90E015BFAF6 = {
			fileEncoding = 5;
			isa = PBXFileReference;
			path = classify.h;
			refType = 4;
		};
		F5E6F0620385C90E015BFAF6 = {
			fileEncoding = 5;
			isa = PBXFileReference;
			path = colors.c;
			refType = 4;
		};
		F5E6F0630385C90E015BFAF6 = {
			fileEncoding = 5;
			isa = PBXFileReference;
			path = compress.c;
			refType = 4;
		};
		F5E6F0640385C90E015BFAF6 = {
			fileEncoding = 5;
			isa = PBXFileReference;
			path = compress.h;
			refType = 4;
		};
		F5E6F0650385C90E015BFAF6 = {
			fileEncoding = 5;
			isa = PBXFileReference;
			path = defines.h;
			refType = 4;
		};
		F5E6F0660385C90E015BFAF6 = {
			fileEncoding = 5;
			isa = PBXFileReference;
			path = error.c;
			refType = 4;
		};
		F5E6F0670385C90E015BFAF6 = {
			fileEncoding = 5;
			isa = PBXFileReference;
			path = error.h;
			refType = 4;
		};
		F5E6F0690385C90E015BFAF6 = {
			fileEncoding = 5;
			isa = PBXFileReference;
			path = image.c;
			refType = 4;
		};
		F5E6F06A0385C90E015BFAF6 = {
			fileEncoding = 5;
			isa = PBXFileReference;
			path = image.h;
			refType = 4;
		};
		F5E6F06B0385C90E015BFAF6 = {
			fileEncoding = 5;
			isa = PBXFileReference;
			path = magick.c;
			refType = 4;
		};
		F5E6F06C0385C90E015BFAF6 = {
			fileEncoding = 5;
			isa = PBXFileReference;
			path = magick.h;
			refType = 4;
		};
		F5E6F06E0385C90E015BFAF6 = {
			fileEncoding = 5;
			isa = PBXFileReference;
			path = memory.c;
			refType = 4;
		};
		F5E6F06F0385C90E015BFAF6 = {
			fileEncoding = 5;
			isa = PBXFileReference;
			path = memory.h;
			refType = 4;
		};
		F5E6F0700385C90E015BFAF6 = {
			fileEncoding = 5;
			isa = PBXFileReference;
			path = mng.h;
			refType = 4;
		};
		F5E6F0710385C90E015BFAF6 = {
			fileEncoding = 5;
			isa = PBXFileReference;
			path = png.c;
			refType = 4;
		};
		F5E6F0720385C90E015BFAF6 = {
			fileEncoding = 5;
			isa = PBXFileReference;
			path = quantize.h;
			refType = 4;
		};
		F5E6F0740385C90E015BFAF6 = {
			fileEncoding = 5;
			isa = PBXFileReference;
			path = signature.c;
			refType = 4;
		};
		F5E6F0750385C90E015BFAF6 = {
			fileEncoding = 5;
			isa = PBXFileReference;
			path = transform.c;
			refType = 4;
		};
		F5E6F0760385C90E015BFAF6 = {
			fileEncoding = 5;
			isa = PBXFileReference;
			path = utility.c;
			refType = 4;
		};
		F5E6F0770385C90E015BFAF6 = {
			fileEncoding = 5;
			isa = PBXFileReference;
			path = utility.h;
			refType = 4;
		};
		F5E6F0790385C90E015BFAF6 = {
			fileRef = F5E6F05D0385C90E015BFAF6;
			isa = PBXBuildFile;
			settings = {
			};
		};
		F5E6F07A0385C90E015BFAF6 = {
			fileRef = F5E6F05E0385C90E015BFAF6;
			isa = PBXBuildFile;
			settings = {
			};
		};
		F5E6F07B0385C90E015BFAF6 = {
			fileRef = F5E6F05F0385C90E015BFAF6;
			isa = PBXBuildFile;
			settings = {
			};
		};
		F5E6F07C0385C90E015BFAF6 = {
			fileRef = F5E6F0600385C90E015BFAF6;
			isa = PBXBuildFile;
			settings = {
			};
		};
		F5E6F07D0385C90E015BFAF6 = {
			fileRef = F5E6F0610385C90E015BFAF6;
			isa = PBXBuildFile;
			settings = {
			};
		};
		F5E6F07E0385C90E015BFAF6 = {
			fileRef = F5E6F0620385C90E015BFAF6;
			isa = PBXBuildFile;
			settings = {
			};
		};
		F5E6F07F0385C90E015BFAF6 = {
			fileRef = F5E6F0630385C90E015BFAF6;
			isa = PBXBuildFile;
			settings = {
			};
		};
		F5E6F0800385C90E015BFAF6 = {
			fileRef = F5E6F0640385C90E015BFAF6;
			isa = PBXBuildFile;
			settings = {
			};
		};
		F5E6F0810385C90E015BFAF6 = {
			fileRef = F5E6F0650385C90E015BFAF6;
			isa = PBXBuildFile;
			settings = {
			};
		};
		F5E6F0820385C90E015BFAF6 = {
			fileRef = F5E6F0660385C90E015BFAF6;
			isa = PBXBuildFile;
			settings = {
			};
		};
		F5E6F0830385C90E015BFAF6 = {
			fileRef = F5E6F0670385C90E015BFAF6;
			isa = PBXBuildFile;
			settings = {
			};
		};
		F5E6F0850385C90E015BFAF6 = {
			fileRef = F5E6F0690385C90E015BFAF6;
			isa = PBXBuildFile;
			settings = {
			};
		};
		F5E6F0860385C90E015BFAF6 = {
			fileRef = F5E6F06A0385C90E015BFAF6;
			isa = PBXBuildFile;
			settings = {
			};
		};
		F5E6F0870385C90E015BFAF6 = {
			fileRef = F5E6F06B0385C90E015BFAF6;
			isa = PBXBuildFile;
			settings = {
			};
		};
		F5E6F0880385C90E015BFAF6 = {
			fileRef = F5E6F06C0385C90E015BFAF6;
			isa = PBXBuildFile;
			settings = {
			};
		};
		F5E6F08A0385C90E015BFAF6 = {
			fileRef = F5E6F06E0385C90E015BFAF6;
			isa = PBXBuildFile;
			settings = {
			};
		};
		F5E6F08B0385C90E015BFAF6 = {
			fileRef = F5E6F06F0385C90E015BFAF6;
			isa = PBXBuildFile;
			settings = {
			};
		};
		F5E6F08C0385C90E015BFAF6 = {
			fileRef = F5E6F0700385C90E015BFAF6;
			isa = PBXBuildFile;
			settings = {
			};
		};
		F5E6F08D0385C90E015BFAF6 = {
			fileRef = F5E6F0710385C90E015BFAF6;
			isa = PBXBuildFile;
			settings = {
			};
		};
		F5E6F08E0385C90E015BFAF6 = {
			fileRef = F5E6F0720385C90E015BFAF6;
			isa = PBXBuildFile;
			settings = {
			};
		};
		F5E6F0900385C90E015BFAF6 = {
			fileRef = F5E6F0740385C90E015BFAF6;
			isa = PBXBuildFile;
			settings = {
			};
		};
		F5E6F0910385C90E015BFAF6 = {
			fileRef = F5E6F0750385C90E015BFAF6;
			isa = PBXBuildFile;
			settings = {
			};
		};
		F5E6F0920385C90E015BFAF6 = {
			fileRef = F5E6F0760385C90E015BFAF6;
			isa = PBXBuildFile;
			settings = {
			};
		};
		F5E6F0930385C90E015BFAF6 = {
			fileRef = F5E6F0770385C90E015BFAF6;
			isa = PBXBuildFile;
			settings = {
			};
		};
		F5E6F0960385CABF015BFAF6 = {
			fileRef = F5E6EB9B038412DF015BFAF6;
			isa = PBXBuildFile;
			settings = {
			};
		};
		F5E6F0970385CAFD015BFAF6 = {
			children = (
				F5E6F09E0385CAFD015BFAF6,
				F5E6F09F0385CAFD015BFAF6,
				F5E6F0A10385CAFD015BFAF6,
			);
			isa = PBXGroup;
			name = oledecod;
			path = ../wv/oledecod;
			refType = 2;
		};
		F5E6F09E0385CAFD015BFAF6 = {
			fileEncoding = 5;
			isa = PBXFileReference;
			path = oledecod.c;
			refType = 4;
		};
		F5E6F09F0385CAFD015BFAF6 = {
			fileEncoding = 5;
			isa = PBXFileReference;
			path = oledecod.h;
			refType = 4;
		};
		F5E6F0A10385CAFD015BFAF6 = {
			fileEncoding = 5;
			isa = PBXFileReference;
			path = support.h;
			refType = 4;
		};
		F5E6F0A80385CAFD015BFAF6 = {
			fileRef = F5E6F09E0385CAFD015BFAF6;
			isa = PBXBuildFile;
			settings = {
			};
		};
		F5E6F0A90385CAFD015BFAF6 = {
			fileRef = F5E6F09F0385CAFD015BFAF6;
			isa = PBXBuildFile;
			settings = {
			};
		};
		F5E6F0AB0385CAFD015BFAF6 = {
			fileRef = F5E6F0A10385CAFD015BFAF6;
			isa = PBXBuildFile;
			settings = {
			};
		};
		F5E6F0AE0385CB9C015BFAF6 = {
			fileRef = F5E6EB7A038412DF015BFAF6;
			isa = PBXBuildFile;
			settings = {
			};
		};
		F5E6F2570385CF4F015BFAF6 = {
			isa = PBXFrameworkReference;
			path = png.framework;
			refType = 3;
		};
		F5E7DCE4038A0BC5011200F0 = {
			isa = PBXFrameworkReference;
			path = wv.framework;
			refType = 3;
		};
		F5E7DDE4038A109B011200F0 = {
			fileEncoding = 5;
			isa = PBXFileReference;
			path = wv.exports;
			refType = 4;
		};
	};
	rootObject = 29B97313FDCFA39411CA2CEA;
}
